// !$*UTF8*$!
{
	archiveVersion = 1;
	classes = {
	};
	objectVersion = 51;
	objects = {

/* Begin PBXBuildFile section */
		108C6C59674999033892702D /* Pods_CocoapodsLibrary.framework in Frameworks */ = {isa = PBXBuildFile; fileRef = B16539FBD524BC55800A09CC /* Pods_CocoapodsLibrary.framework */; };
		3DBDCCAB237809E400828121 /* precheck.gif in Resources */ = {isa = PBXBuildFile; fileRef = 3DBDCCAA237809E400828121 /* precheck.gif */; };
		9336028020DBF93B002079F9 /* CalendarDayCell.m in Sources */ = {isa = PBXBuildFile; fileRef = 9336027720DBF93B002079F9 /* CalendarDayCell.m */; };
		9336028120DBF93B002079F9 /* CalendarVC.m in Sources */ = {isa = PBXBuildFile; fileRef = 9336027920DBF93B002079F9 /* CalendarVC.m */; };
		9336028220DBF93B002079F9 /* BannerVC.m in Sources */ = {isa = PBXBuildFile; fileRef = 9336027B20DBF93B002079F9 /* BannerVC.m */; };
		9336028320DBF93B002079F9 /* ZCPicturePreviewVC.m in Sources */ = {isa = PBXBuildFile; fileRef = 9336027D20DBF93B002079F9 /* ZCPicturePreviewVC.m */; };
		9336028420DBF93C002079F9 /* ViewVC.m in Sources */ = {isa = PBXBuildFile; fileRef = 9336027E20DBF93B002079F9 /* ViewVC.m */; };
		938197C020AE735700134EBC /* main_banner.bundle in Resources */ = {isa = PBXBuildFile; fileRef = 938197BF20AE735600134EBC /* main_banner.bundle */; };
		938197C720AE779800134EBC /* libz.tbd in Frameworks */ = {isa = PBXBuildFile; fileRef = 938197C620AE779800134EBC /* libz.tbd */; };
		938197C920AE77A500134EBC /* MobileCoreServices.framework in Frameworks */ = {isa = PBXBuildFile; fileRef = 938197C820AE77A500134EBC /* MobileCoreServices.framework */; };
		9398C50920A7645000C7C8AA /* AppDelegate.m in Sources */ = {isa = PBXBuildFile; fileRef = 9398C50820A7645000C7C8AA /* AppDelegate.m */; };
		9398C50C20A7645000C7C8AA /* ViewController.m in Sources */ = {isa = PBXBuildFile; fileRef = 9398C50B20A7645000C7C8AA /* ViewController.m */; };
		9398C50F20A7645000C7C8AA /* Main.storyboard in Resources */ = {isa = PBXBuildFile; fileRef = 9398C50D20A7645000C7C8AA /* Main.storyboard */; };
		9398C51120A7645200C7C8AA /* Assets.xcassets in Resources */ = {isa = PBXBuildFile; fileRef = 9398C51020A7645200C7C8AA /* Assets.xcassets */; };
		9398C51420A7645200C7C8AA /* LaunchScreen.storyboard in Resources */ = {isa = PBXBuildFile; fileRef = 9398C51220A7645200C7C8AA /* LaunchScreen.storyboard */; };
		9398C51720A7645200C7C8AA /* main.m in Sources */ = {isa = PBXBuildFile; fileRef = 9398C51620A7645200C7C8AA /* main.m */; };
/* End PBXBuildFile section */

/* Begin PBXCopyFilesBuildPhase section */
		93AC699F20D13DB70071B781 /* Embed Frameworks */ = {
			isa = PBXCopyFilesBuildPhase;
			buildActionMask = 2147483647;
			dstPath = "";
			dstSubfolderSpec = 10;
			files = (
			);
			name = "Embed Frameworks";
			runOnlyForDeploymentPostprocessing = 0;
		};
/* End PBXCopyFilesBuildPhase section */

/* Begin PBXFileReference section */
		3DBDCCAA237809E400828121 /* precheck.gif */ = {isa = PBXFileReference; lastKnownFileType = image.gif; path = precheck.gif; sourceTree = "<group>"; };
		9336027520DBF93B002079F9 /* ZCPicturePreviewVC.h */ = {isa = PBXFileReference; fileEncoding = 4; lastKnownFileType = sourcecode.c.h; path = ZCPicturePreviewVC.h; sourceTree = "<group>"; };
		9336027720DBF93B002079F9 /* CalendarDayCell.m */ = {isa = PBXFileReference; fileEncoding = 4; lastKnownFileType = sourcecode.c.objc; path = CalendarDayCell.m; sourceTree = "<group>"; };
		9336027820DBF93B002079F9 /* CalendarVC.h */ = {isa = PBXFileReference; fileEncoding = 4; lastKnownFileType = sourcecode.c.h; path = CalendarVC.h; sourceTree = "<group>"; };
		9336027920DBF93B002079F9 /* CalendarVC.m */ = {isa = PBXFileReference; fileEncoding = 4; lastKnownFileType = sourcecode.c.objc; path = CalendarVC.m; sourceTree = "<group>"; };
		9336027A20DBF93B002079F9 /* CalendarDayCell.h */ = {isa = PBXFileReference; fileEncoding = 4; lastKnownFileType = sourcecode.c.h; path = CalendarDayCell.h; sourceTree = "<group>"; };
		9336027B20DBF93B002079F9 /* BannerVC.m */ = {isa = PBXFileReference; fileEncoding = 4; lastKnownFileType = sourcecode.c.objc; path = BannerVC.m; sourceTree = "<group>"; };
		9336027C20DBF93B002079F9 /* ViewVC.h */ = {isa = PBXFileReference; fileEncoding = 4; lastKnownFileType = sourcecode.c.h; path = ViewVC.h; sourceTree = "<group>"; };
		9336027D20DBF93B002079F9 /* ZCPicturePreviewVC.m */ = {isa = PBXFileReference; fileEncoding = 4; lastKnownFileType = sourcecode.c.objc; path = ZCPicturePreviewVC.m; sourceTree = "<group>"; };
		9336027E20DBF93B002079F9 /* ViewVC.m */ = {isa = PBXFileReference; fileEncoding = 4; lastKnownFileType = sourcecode.c.objc; path = ViewVC.m; sourceTree = "<group>"; };
		9336027F20DBF93B002079F9 /* BannerVC.h */ = {isa = PBXFileReference; fileEncoding = 4; lastKnownFileType = sourcecode.c.h; path = BannerVC.h; sourceTree = "<group>"; };
		938197BE20AE735200134EBC /* iconfont.ttf */ = {isa = PBXFileReference; lastKnownFileType = file; path = iconfont.ttf; sourceTree = "<group>"; };
		938197BF20AE735600134EBC /* main_banner.bundle */ = {isa = PBXFileReference; lastKnownFileType = "wrapper.plug-in"; path = main_banner.bundle; sourceTree = "<group>"; };
		938197C620AE779800134EBC /* libz.tbd */ = {isa = PBXFileReference; lastKnownFileType = "sourcecode.text-based-dylib-definition"; name = libz.tbd; path = usr/lib/libz.tbd; sourceTree = SDKROOT; };
		938197C820AE77A500134EBC /* MobileCoreServices.framework */ = {isa = PBXFileReference; lastKnownFileType = wrapper.framework; name = MobileCoreServices.framework; path = System/Library/Frameworks/MobileCoreServices.framework; sourceTree = SDKROOT; };
		9398C50420A7645000C7C8AA /* CocoapodsLibrary.app */ = {isa = PBXFileReference; explicitFileType = wrapper.application; includeInIndex = 0; path = CocoapodsLibrary.app; sourceTree = BUILT_PRODUCTS_DIR; };
		9398C50720A7645000C7C8AA /* AppDelegate.h */ = {isa = PBXFileReference; lastKnownFileType = sourcecode.c.h; path = AppDelegate.h; sourceTree = "<group>"; };
		9398C50820A7645000C7C8AA /* AppDelegate.m */ = {isa = PBXFileReference; lastKnownFileType = sourcecode.c.objc; path = AppDelegate.m; sourceTree = "<group>"; };
		9398C50A20A7645000C7C8AA /* ViewController.h */ = {isa = PBXFileReference; lastKnownFileType = sourcecode.c.h; path = ViewController.h; sourceTree = "<group>"; };
		9398C50B20A7645000C7C8AA /* ViewController.m */ = {isa = PBXFileReference; lastKnownFileType = sourcecode.c.objc; path = ViewController.m; sourceTree = "<group>"; };
		9398C50E20A7645000C7C8AA /* Base */ = {isa = PBXFileReference; lastKnownFileType = file.storyboard; name = Base; path = Base.lproj/Main.storyboard; sourceTree = "<group>"; };
		9398C51020A7645200C7C8AA /* Assets.xcassets */ = {isa = PBXFileReference; lastKnownFileType = folder.assetcatalog; path = Assets.xcassets; sourceTree = "<group>"; };
		9398C51320A7645200C7C8AA /* Base */ = {isa = PBXFileReference; lastKnownFileType = file.storyboard; name = Base; path = Base.lproj/LaunchScreen.storyboard; sourceTree = "<group>"; };
		9398C51520A7645200C7C8AA /* Info.plist */ = {isa = PBXFileReference; lastKnownFileType = text.plist.xml; path = Info.plist; sourceTree = "<group>"; };
		9398C51620A7645200C7C8AA /* main.m */ = {isa = PBXFileReference; lastKnownFileType = sourcecode.c.objc; path = main.m; sourceTree = "<group>"; };
		93C7BFA520CA593300C7A25D /* PrefixHeader.pch */ = {isa = PBXFileReference; fileEncoding = 4; lastKnownFileType = sourcecode.c.h; path = PrefixHeader.pch; sourceTree = "<group>"; };
		B16539FBD524BC55800A09CC /* Pods_CocoapodsLibrary.framework */ = {isa = PBXFileReference; explicitFileType = wrapper.framework; includeInIndex = 0; path = Pods_CocoapodsLibrary.framework; sourceTree = BUILT_PRODUCTS_DIR; };
		BF032312D2753580A9ACE4EE /* Pods-CocoapodsLibrary.debug.xcconfig */ = {isa = PBXFileReference; includeInIndex = 1; lastKnownFileType = text.xcconfig; name = "Pods-CocoapodsLibrary.debug.xcconfig"; path = "Target Support Files/Pods-CocoapodsLibrary/Pods-CocoapodsLibrary.debug.xcconfig"; sourceTree = "<group>"; };
		E02C73D79E8E3ED1473E63B1 /* Pods-CocoapodsLibrary.release.xcconfig */ = {isa = PBXFileReference; includeInIndex = 1; lastKnownFileType = text.xcconfig; name = "Pods-CocoapodsLibrary.release.xcconfig"; path = "Target Support Files/Pods-CocoapodsLibrary/Pods-CocoapodsLibrary.release.xcconfig"; sourceTree = "<group>"; };
/* End PBXFileReference section */

/* Begin PBXFrameworksBuildPhase section */
		9398C50120A7645000C7C8AA /* Frameworks */ = {
			isa = PBXFrameworksBuildPhase;
			buildActionMask = 2147483647;
			files = (
				938197C920AE77A500134EBC /* MobileCoreServices.framework in Frameworks */,
				938197C720AE779800134EBC /* libz.tbd in Frameworks */,
				108C6C59674999033892702D /* Pods_CocoapodsLibrary.framework in Frameworks */,
			);
			runOnlyForDeploymentPostprocessing = 0;
		};
/* End PBXFrameworksBuildPhase section */

/* Begin PBXGroup section */
		3D4C5B63235EF1A10008BDB5 /* test */ = {
			isa = PBXGroup;
			children = (
			);
			path = test;
			sourceTree = "<group>";
		};
		9336027420DBF93B002079F9 /* Main */ = {
			isa = PBXGroup;
			children = (
				9336027F20DBF93B002079F9 /* BannerVC.h */,
				9336027B20DBF93B002079F9 /* BannerVC.m */,
				9336027620DBF93B002079F9 /* Calendar */,
				9336027C20DBF93B002079F9 /* ViewVC.h */,
				9336027E20DBF93B002079F9 /* ViewVC.m */,
				9336027520DBF93B002079F9 /* ZCPicturePreviewVC.h */,
				9336027D20DBF93B002079F9 /* ZCPicturePreviewVC.m */,
			);
			path = Main;
			sourceTree = "<group>";
		};
		9336027620DBF93B002079F9 /* Calendar */ = {
			isa = PBXGroup;
			children = (
				9336027A20DBF93B002079F9 /* CalendarDayCell.h */,
				9336027720DBF93B002079F9 /* CalendarDayCell.m */,
				9336027820DBF93B002079F9 /* CalendarVC.h */,
				9336027920DBF93B002079F9 /* CalendarVC.m */,
			);
			path = Calendar;
			sourceTree = "<group>";
		};
		9381976620AE6C1000134EBC /* Supporting Files */ = {
			isa = PBXGroup;
			children = (
				938197BE20AE735200134EBC /* iconfont.ttf */,
				3DBDCCAA237809E400828121 /* precheck.gif */,
				938197BF20AE735600134EBC /* main_banner.bundle */,
				9398C50D20A7645000C7C8AA /* Main.storyboard */,
				9398C51020A7645200C7C8AA /* Assets.xcassets */,
				93C7BFA520CA593300C7A25D /* PrefixHeader.pch */,
				9398C51220A7645200C7C8AA /* LaunchScreen.storyboard */,
				9398C51520A7645200C7C8AA /* Info.plist */,
				9398C51620A7645200C7C8AA /* main.m */,
			);
			path = "Supporting Files";
			sourceTree = "<group>";
		};
		938197C120AE771C00134EBC /* Frameworks */ = {
			isa = PBXGroup;
			children = (
				938197C820AE77A500134EBC /* MobileCoreServices.framework */,
				938197C620AE779800134EBC /* libz.tbd */,
				B16539FBD524BC55800A09CC /* Pods_CocoapodsLibrary.framework */,
			);
			path = Frameworks;
			sourceTree = "<group>";
		};
		9398C4FB20A7645000C7C8AA = {
			isa = PBXGroup;
			children = (
				9398C50620A7645000C7C8AA /* CocoapodsLibrary */,
				938197C120AE771C00134EBC /* Frameworks */,
				9398C50520A7645000C7C8AA /* Products */,
				B9E4C689AD24E0C5BD8C363D /* Pods */,
			);
			sourceTree = "<group>";
		};
		9398C50520A7645000C7C8AA /* Products */ = {
			isa = PBXGroup;
			children = (
				9398C50420A7645000C7C8AA /* CocoapodsLibrary.app */,
			);
			name = Products;
			sourceTree = "<group>";
		};
		9398C50620A7645000C7C8AA /* CocoapodsLibrary */ = {
			isa = PBXGroup;
			children = (
				9398C50720A7645000C7C8AA /* AppDelegate.h */,
				9398C50820A7645000C7C8AA /* AppDelegate.m */,
				9398C50A20A7645000C7C8AA /* ViewController.h */,
				9398C50B20A7645000C7C8AA /* ViewController.m */,
				3D4C5B63235EF1A10008BDB5 /* test */,
				9336027420DBF93B002079F9 /* Main */,
				9381976620AE6C1000134EBC /* Supporting Files */,
			);
			path = CocoapodsLibrary;
			sourceTree = "<group>";
		};
		B9E4C689AD24E0C5BD8C363D /* Pods */ = {
			isa = PBXGroup;
			children = (
				BF032312D2753580A9ACE4EE /* Pods-CocoapodsLibrary.debug.xcconfig */,
				E02C73D79E8E3ED1473E63B1 /* Pods-CocoapodsLibrary.release.xcconfig */,
			);
			path = Pods;
			sourceTree = "<group>";
		};
/* End PBXGroup section */

/* Begin PBXNativeTarget section */
		9398C50320A7645000C7C8AA /* CocoapodsLibrary */ = {
			isa = PBXNativeTarget;
			buildConfigurationList = 9398C51A20A7645200C7C8AA /* Build configuration list for PBXNativeTarget "CocoapodsLibrary" */;
			buildPhases = (
				BE662822CF54DDA693EA4027 /* [CP] Check Pods Manifest.lock */,
				9398C50020A7645000C7C8AA /* Sources */,
				9398C50120A7645000C7C8AA /* Frameworks */,
				9398C50220A7645000C7C8AA /* Resources */,
				93AC699F20D13DB70071B781 /* Embed Frameworks */,
				9DA7264A79A355327F02DDE7 /* [CP] Embed Pods Frameworks */,
			);
			buildRules = (
			);
			dependencies = (
			);
			name = CocoapodsLibrary;
			productName = CocoapodsLibrary;
			productReference = 9398C50420A7645000C7C8AA /* CocoapodsLibrary.app */;
			productType = "com.apple.product-type.application";
		};
/* End PBXNativeTarget section */

/* Begin PBXProject section */
		9398C4FC20A7645000C7C8AA /* Project object */ = {
			isa = PBXProject;
			attributes = {
				CLASSPREFIX = ZC;
				LastUpgradeCheck = 0930;
				ORGANIZATIONNAME = "love_iphone@qq.com";
				TargetAttributes = {
					9398C50320A7645000C7C8AA = {
						CreatedOnToolsVersion = 9.3;
					};
				};
			};
			buildConfigurationList = 9398C4FF20A7645000C7C8AA /* Build configuration list for PBXProject "CocoapodsLibrary" */;
			compatibilityVersion = "Xcode 9.3";
			developmentRegion = en;
			hasScannedForEncodings = 0;
			knownRegions = (
				en,
				Base,
			);
			mainGroup = 9398C4FB20A7645000C7C8AA;
			productRefGroup = 9398C50520A7645000C7C8AA /* Products */;
			projectDirPath = "";
			projectRoot = "";
			targets = (
				9398C50320A7645000C7C8AA /* CocoapodsLibrary */,
			);
		};
/* End PBXProject section */

/* Begin PBXResourcesBuildPhase section */
		9398C50220A7645000C7C8AA /* Resources */ = {
			isa = PBXResourcesBuildPhase;
			buildActionMask = 2147483647;
			files = (
				938197C020AE735700134EBC /* main_banner.bundle in Resources */,
				9398C51420A7645200C7C8AA /* LaunchScreen.storyboard in Resources */,
				9398C51120A7645200C7C8AA /* Assets.xcassets in Resources */,
				3DBDCCAB237809E400828121 /* precheck.gif in Resources */,
				9398C50F20A7645000C7C8AA /* Main.storyboard in Resources */,
			);
			runOnlyForDeploymentPostprocessing = 0;
		};
/* End PBXResourcesBuildPhase section */

/* Begin PBXShellScriptBuildPhase section */
		9DA7264A79A355327F02DDE7 /* [CP] Embed Pods Frameworks */ = {
			isa = PBXShellScriptBuildPhase;
			buildActionMask = 2147483647;
			files = (
			);
			inputFileListPaths = (
				"${PODS_ROOT}/Target Support Files/Pods-CocoapodsLibrary/Pods-CocoapodsLibrary-frameworks-${CONFIGURATION}-input-files.xcfilelist",
			);
			name = "[CP] Embed Pods Frameworks";
			outputFileListPaths = (
				"${PODS_ROOT}/Target Support Files/Pods-CocoapodsLibrary/Pods-CocoapodsLibrary-frameworks-${CONFIGURATION}-output-files.xcfilelist",
			);
			runOnlyForDeploymentPostprocessing = 0;
			shellPath = /bin/sh;
			shellScript = "\"${PODS_ROOT}/Target Support Files/Pods-CocoapodsLibrary/Pods-CocoapodsLibrary-frameworks.sh\"\n";
			showEnvVarsInLog = 0;
		};
		BE662822CF54DDA693EA4027 /* [CP] Check Pods Manifest.lock */ = {
			isa = PBXShellScriptBuildPhase;
			buildActionMask = 2147483647;
			files = (
			);
			inputFileListPaths = (
			);
			inputPaths = (
				"${PODS_PODFILE_DIR_PATH}/Podfile.lock",
				"${PODS_ROOT}/Manifest.lock",
			);
			name = "[CP] Check Pods Manifest.lock";
			outputFileListPaths = (
			);
			outputPaths = (
				"$(DERIVED_FILE_DIR)/Pods-CocoapodsLibrary-checkManifestLockResult.txt",
			);
			runOnlyForDeploymentPostprocessing = 0;
			shellPath = /bin/sh;
			shellScript = "diff \"${PODS_PODFILE_DIR_PATH}/Podfile.lock\" \"${PODS_ROOT}/Manifest.lock\" > /dev/null\nif [ $? != 0 ] ; then\n    # print error to STDERR\n    echo \"error: The sandbox is not in sync with the Podfile.lock. Run 'pod install' or update your CocoaPods installation.\" >&2\n    exit 1\nfi\n# This output is used by Xcode 'outputs' to avoid re-running this script phase.\necho \"SUCCESS\" > \"${SCRIPT_OUTPUT_FILE_0}\"\n";
			showEnvVarsInLog = 0;
		};
/* End PBXShellScriptBuildPhase section */

/* Begin PBXSourcesBuildPhase section */
		9398C50020A7645000C7C8AA /* Sources */ = {
			isa = PBXSourcesBuildPhase;
			buildActionMask = 2147483647;
			files = (
				9398C50C20A7645000C7C8AA /* ViewController.m in Sources */,
				9336028120DBF93B002079F9 /* CalendarVC.m in Sources */,
				9336028420DBF93C002079F9 /* ViewVC.m in Sources */,
				9398C51720A7645200C7C8AA /* main.m in Sources */,
				9336028020DBF93B002079F9 /* CalendarDayCell.m in Sources */,
				9336028220DBF93B002079F9 /* BannerVC.m in Sources */,
				9398C50920A7645000C7C8AA /* AppDelegate.m in Sources */,
				9336028320DBF93B002079F9 /* ZCPicturePreviewVC.m in Sources */,
			);
			runOnlyForDeploymentPostprocessing = 0;
		};
/* End PBXSourcesBuildPhase section */

/* Begin PBXVariantGroup section */
		9398C50D20A7645000C7C8AA /* Main.storyboard */ = {
			isa = PBXVariantGroup;
			children = (
				9398C50E20A7645000C7C8AA /* Base */,
			);
			name = Main.storyboard;
			sourceTree = "<group>";
		};
		9398C51220A7645200C7C8AA /* LaunchScreen.storyboard */ = {
			isa = PBXVariantGroup;
			children = (
				9398C51320A7645200C7C8AA /* Base */,
			);
			name = LaunchScreen.storyboard;
			sourceTree = "<group>";
		};
/* End PBXVariantGroup section */

/* Begin XCBuildConfiguration section */
		9398C51820A7645200C7C8AA /* Debug */ = {
			isa = XCBuildConfiguration;
			buildSettings = {
				ALWAYS_SEARCH_USER_PATHS = NO;
				CLANG_ANALYZER_NONNULL = YES;
				CLANG_ANALYZER_NUMBER_OBJECT_CONVERSION = YES_AGGRESSIVE;
				CLANG_CXX_LANGUAGE_STANDARD = "gnu++14";
				CLANG_CXX_LIBRARY = "libc++";
				CLANG_ENABLE_MODULES = YES;
				CLANG_ENABLE_OBJC_ARC = YES;
				CLANG_ENABLE_OBJC_WEAK = YES;
				CLANG_WARN_BLOCK_CAPTURE_AUTORELEASING = YES;
				CLANG_WARN_BOOL_CONVERSION = YES;
				CLANG_WARN_COMMA = YES;
				CLANG_WARN_CONSTANT_CONVERSION = YES;
				CLANG_WARN_DEPRECATED_OBJC_IMPLEMENTATIONS = YES;
				CLANG_WARN_DIRECT_OBJC_ISA_USAGE = YES_ERROR;
				CLANG_WARN_DOCUMENTATION_COMMENTS = YES;
				CLANG_WARN_EMPTY_BODY = YES;
				CLANG_WARN_ENUM_CONVERSION = YES;
				CLANG_WARN_INFINITE_RECURSION = YES;
				CLANG_WARN_INT_CONVERSION = YES;
				CLANG_WARN_NON_LITERAL_NULL_CONVERSION = YES;
				CLANG_WARN_OBJC_IMPLICIT_RETAIN_SELF = YES;
				CLANG_WARN_OBJC_LITERAL_CONVERSION = YES;
				CLANG_WARN_OBJC_ROOT_CLASS = YES_ERROR;
				CLANG_WARN_RANGE_LOOP_ANALYSIS = YES;
				CLANG_WARN_STRICT_PROTOTYPES = YES;
				CLANG_WARN_SUSPICIOUS_MOVE = YES;
				CLANG_WARN_UNGUARDED_AVAILABILITY = YES_AGGRESSIVE;
				CLANG_WARN_UNREACHABLE_CODE = YES;
				CLANG_WARN__DUPLICATE_METHOD_MATCH = YES;
				CODE_SIGN_IDENTITY = "iPhone Developer";
				COPY_PHASE_STRIP = NO;
				DEBUG_INFORMATION_FORMAT = dwarf;
				ENABLE_STRICT_OBJC_MSGSEND = YES;
				ENABLE_TESTABILITY = YES;
				GCC_C_LANGUAGE_STANDARD = gnu11;
				GCC_DYNAMIC_NO_PIC = NO;
				GCC_NO_COMMON_BLOCKS = YES;
				GCC_OPTIMIZATION_LEVEL = 0;
				GCC_PREPROCESSOR_DEFINITIONS = (
					"DEBUG=1",
					"$(inherited)",
				);
				GCC_WARN_64_TO_32_BIT_CONVERSION = YES;
				GCC_WARN_ABOUT_RETURN_TYPE = YES_ERROR;
				GCC_WARN_UNDECLARED_SELECTOR = YES;
				GCC_WARN_UNINITIALIZED_AUTOS = YES_AGGRESSIVE;
				GCC_WARN_UNUSED_FUNCTION = YES;
				GCC_WARN_UNUSED_VARIABLE = YES;
				IPHONEOS_DEPLOYMENT_TARGET = 11.3;
				MTL_ENABLE_DEBUG_INFO = YES;
				ONLY_ACTIVE_ARCH = YES;
				SDKROOT = iphoneos;
			};
			name = Debug;
		};
		9398C51920A7645200C7C8AA /* Release */ = {
			isa = XCBuildConfiguration;
			buildSettings = {
				ALWAYS_SEARCH_USER_PATHS = NO;
				CLANG_ANALYZER_NONNULL = YES;
				CLANG_ANALYZER_NUMBER_OBJECT_CONVERSION = YES_AGGRESSIVE;
				CLANG_CXX_LANGUAGE_STANDARD = "gnu++14";
				CLANG_CXX_LIBRARY = "libc++";
				CLANG_ENABLE_MODULES = YES;
				CLANG_ENABLE_OBJC_ARC = YES;
				CLANG_ENABLE_OBJC_WEAK = YES;
				CLANG_WARN_BLOCK_CAPTURE_AUTORELEASING = YES;
				CLANG_WARN_BOOL_CONVERSION = YES;
				CLANG_WARN_COMMA = YES;
				CLANG_WARN_CONSTANT_CONVERSION = YES;
				CLANG_WARN_DEPRECATED_OBJC_IMPLEMENTATIONS = YES;
				CLANG_WARN_DIRECT_OBJC_ISA_USAGE = YES_ERROR;
				CLANG_WARN_DOCUMENTATION_COMMENTS = YES;
				CLANG_WARN_EMPTY_BODY = YES;
				CLANG_WARN_ENUM_CONVERSION = YES;
				CLANG_WARN_INFINITE_RECURSION = YES;
				CLANG_WARN_INT_CONVERSION = YES;
				CLANG_WARN_NON_LITERAL_NULL_CONVERSION = YES;
				CLANG_WARN_OBJC_IMPLICIT_RETAIN_SELF = YES;
				CLANG_WARN_OBJC_LITERAL_CONVERSION = YES;
				CLANG_WARN_OBJC_ROOT_CLASS = YES_ERROR;
				CLANG_WARN_RANGE_LOOP_ANALYSIS = YES;
				CLANG_WARN_STRICT_PROTOTYPES = YES;
				CLANG_WARN_SUSPICIOUS_MOVE = YES;
				CLANG_WARN_UNGUARDED_AVAILABILITY = YES_AGGRESSIVE;
				CLANG_WARN_UNREACHABLE_CODE = YES;
				CLANG_WARN__DUPLICATE_METHOD_MATCH = YES;
				CODE_SIGN_IDENTITY = "iPhone Developer";
				COPY_PHASE_STRIP = NO;
				DEBUG_INFORMATION_FORMAT = "dwarf-with-dsym";
				ENABLE_NS_ASSERTIONS = NO;
				ENABLE_STRICT_OBJC_MSGSEND = YES;
				GCC_C_LANGUAGE_STANDARD = gnu11;
				GCC_NO_COMMON_BLOCKS = YES;
				GCC_WARN_64_TO_32_BIT_CONVERSION = YES;
				GCC_WARN_ABOUT_RETURN_TYPE = YES_ERROR;
				GCC_WARN_UNDECLARED_SELECTOR = YES;
				GCC_WARN_UNINITIALIZED_AUTOS = YES_AGGRESSIVE;
				GCC_WARN_UNUSED_FUNCTION = YES;
				GCC_WARN_UNUSED_VARIABLE = YES;
				IPHONEOS_DEPLOYMENT_TARGET = 11.3;
				MTL_ENABLE_DEBUG_INFO = NO;
				SDKROOT = iphoneos;
				VALIDATE_PRODUCT = YES;
			};
			name = Release;
		};
		9398C51B20A7645200C7C8AA /* Debug */ = {
			isa = XCBuildConfiguration;
			baseConfigurationReference = BF032312D2753580A9ACE4EE /* Pods-CocoapodsLibrary.debug.xcconfig */;
			buildSettings = {
				ASSETCATALOG_COMPILER_APPICON_NAME = AppIcon;
				CODE_SIGN_STYLE = Manual;
				DEVELOPMENT_TEAM = 3TF6UX56K9;
				FRAMEWORK_SEARCH_PATHS = "$(inherited)";
				GCC_PREFIX_HEADER = "CocoapodsLibrary/Supporting Files/PrefixHeader.pch";
				INFOPLIST_FILE = "CocoapodsLibrary/Supporting Files/Info.plist";
				IPHONEOS_DEPLOYMENT_TARGET = 8.0;
				LD_RUNPATH_SEARCH_PATHS = (
					"$(inherited)",
					"@executable_path/Frameworks",
				);
				PRODUCT_BUNDLE_IDENTIFIER = com.workai.CocoapodsLibrary;
				PRODUCT_NAME = "$(TARGET_NAME)";
				PROVISIONING_PROFILE = "7264e9c9-6972-4d6c-a762-9db88ebb455d";
				PROVISIONING_PROFILE_SPECIFIER = all_developer;
				TARGETED_DEVICE_FAMILY = "1,2";
				USER_HEADER_SEARCH_PATHS = "";
			};
			name = Debug;
		};
		9398C51C20A7645200C7C8AA /* Release */ = {
			isa = XCBuildConfiguration;
			baseConfigurationReference = E02C73D79E8E3ED1473E63B1 /* Pods-CocoapodsLibrary.release.xcconfig */;
			buildSettings = {
				ASSETCATALOG_COMPILER_APPICON_NAME = AppIcon;
				CODE_SIGN_STYLE = Manual;
				DEVELOPMENT_TEAM = 3TF6UX56K9;
				FRAMEWORK_SEARCH_PATHS = "$(inherited)";
				GCC_PREFIX_HEADER = "CocoapodsLibrary/Supporting Files/PrefixHeader.pch";
				INFOPLIST_FILE = "CocoapodsLibrary/Supporting Files/Info.plist";
				IPHONEOS_DEPLOYMENT_TARGET = 8.0;
				LD_RUNPATH_SEARCH_PATHS = (
					"$(inherited)",
					"@executable_path/Frameworks",
				);
				PRODUCT_BUNDLE_IDENTIFIER = com.workai.CocoapodsLibrary;
				PRODUCT_NAME = "$(TARGET_NAME)";
				PROVISIONING_PROFILE = "7264e9c9-6972-4d6c-a762-9db88ebb455d";
				PROVISIONING_PROFILE_SPECIFIER = all_developer;
				TARGETED_DEVICE_FAMILY = "1,2";
				USER_HEADER_SEARCH_PATHS = "";
			};
			name = Release;
		};
/* End XCBuildConfiguration section */

/* Begin XCConfigurationList section */
		9398C4FF20A7645000C7C8AA /* Build configuration list for PBXProject "CocoapodsLibrary" */ = {
			isa = XCConfigurationList;
			buildConfigurations = (
				9398C51820A7645200C7C8AA /* Debug */,
				9398C51920A7645200C7C8AA /* Release */,
			);
			defaultConfigurationIsVisible = 0;
			defaultConfigurationName = Release;
		};
		9398C51A20A7645200C7C8AA /* Build configuration list for PBXNativeTarget "CocoapodsLibrary" */ = {
			isa = XCConfigurationList;
			buildConfigurations = (
				9398C51B20A7645200C7C8AA /* Debug */,
				9398C51C20A7645200C7C8AA /* Release */,
			);
			defaultConfigurationIsVisible = 0;
			defaultConfigurationName = Release;
		};
/* End XCConfigurationList section */
	};
	rootObject = 9398C4FC20A7645000C7C8AA /* Project object */;
}
