// !$*UTF8*$!
{
	archiveVersion = 1;
	classes = {
	};
	objectVersion = 50;
	objects = {

/* Begin PBXBuildFile section */
		9381978C20AE731700134EBC /* ZCSpinnerView.m in Sources */ = {isa = PBXBuildFile; fileRef = 9381977220AE731700134EBC /* ZCSpinnerView.m */; };
		9381979020AE731700134EBC /* ZCCalendarDateLunarCalendar.c in Sources */ = {isa = PBXBuildFile; fileRef = 9381977E20AE731700134EBC /* ZCCalendarDateLunarCalendar.c */; };
		9381979120AE731700134EBC /* ZCCalendarDate.m in Sources */ = {isa = PBXBuildFile; fileRef = 9381977F20AE731700134EBC /* ZCCalendarDate.m */; };
		9381979220AE731700134EBC /* ZCCalendarManageView.m in Sources */ = {isa = PBXBuildFile; fileRef = 9381978320AE731700134EBC /* ZCCalendarManageView.m */; };
		9381979320AE731700134EBC /* ZCCalendarView.m in Sources */ = {isa = PBXBuildFile; fileRef = 9381978420AE731700134EBC /* ZCCalendarView.m */; };
		9381979420AE731700134EBC /* ZCCalendarDayCell.m in Sources */ = {isa = PBXBuildFile; fileRef = 9381978820AE731700134EBC /* ZCCalendarDayCell.m */; };
		938197A120AE732800134EBC /* CalendarDayCell.m in Sources */ = {isa = PBXBuildFile; fileRef = 9381979820AE732800134EBC /* CalendarDayCell.m */; };
		938197A220AE732800134EBC /* CalendarVC.m in Sources */ = {isa = PBXBuildFile; fileRef = 9381979A20AE732800134EBC /* CalendarVC.m */; };
		938197A320AE732800134EBC /* BannerVC.m in Sources */ = {isa = PBXBuildFile; fileRef = 9381979C20AE732800134EBC /* BannerVC.m */; };
		938197A420AE732800134EBC /* ZCPicturePreviewVC.m in Sources */ = {isa = PBXBuildFile; fileRef = 9381979E20AE732800134EBC /* ZCPicturePreviewVC.m */; };
		938197A520AE732800134EBC /* ViewVC.m in Sources */ = {isa = PBXBuildFile; fileRef = 9381979F20AE732800134EBC /* ViewVC.m */; };
		938197B820AE733B00134EBC /* ZCNotification.m in Sources */ = {isa = PBXBuildFile; fileRef = 938197B020AE733B00134EBC /* ZCNotification.m */; };
		938197B920AE733B00134EBC /* AppConfigFieldInfo.plist in Resources */ = {isa = PBXBuildFile; fileRef = 938197B120AE733B00134EBC /* AppConfigFieldInfo.plist */; };
		938197BA20AE733B00134EBC /* ZCTablePopupControl.m in Sources */ = {isa = PBXBuildFile; fileRef = 938197B220AE733B00134EBC /* ZCTablePopupControl.m */; };
		938197BB20AE733B00134EBC /* ZCAppConfigFieldInfo.m in Sources */ = {isa = PBXBuildFile; fileRef = 938197B320AE733B00134EBC /* ZCAppConfigFieldInfo.m */; };
		938197BC20AE733B00134EBC /* zc_sound.plist in Resources */ = {isa = PBXBuildFile; fileRef = 938197B420AE733B00134EBC /* zc_sound.plist */; };
		938197BD20AE733B00134EBC /* ZCPlaySystemSound.m in Sources */ = {isa = PBXBuildFile; fileRef = 938197B520AE733B00134EBC /* ZCPlaySystemSound.m */; };
		938197C020AE735700134EBC /* main_banner.bundle in Resources */ = {isa = PBXBuildFile; fileRef = 938197BF20AE735600134EBC /* main_banner.bundle */; };
		938197C320AE776600134EBC /* ZCEasyLibrary.framework in Frameworks */ = {isa = PBXBuildFile; fileRef = 938197C220AE776600134EBC /* ZCEasyLibrary.framework */; };
		938197C420AE776600134EBC /* ZCEasyLibrary.framework in Embed Frameworks */ = {isa = PBXBuildFile; fileRef = 938197C220AE776600134EBC /* ZCEasyLibrary.framework */; settings = {ATTRIBUTES = (CodeSignOnCopy, RemoveHeadersOnCopy, ); }; };
		938197C720AE779800134EBC /* libz.tbd in Frameworks */ = {isa = PBXBuildFile; fileRef = 938197C620AE779800134EBC /* libz.tbd */; };
		938197C920AE77A500134EBC /* MobileCoreServices.framework in Frameworks */ = {isa = PBXBuildFile; fileRef = 938197C820AE77A500134EBC /* MobileCoreServices.framework */; };
		9398C50920A7645000C7C8AA /* AppDelegate.m in Sources */ = {isa = PBXBuildFile; fileRef = 9398C50820A7645000C7C8AA /* AppDelegate.m */; };
		9398C50C20A7645000C7C8AA /* ViewController.m in Sources */ = {isa = PBXBuildFile; fileRef = 9398C50B20A7645000C7C8AA /* ViewController.m */; };
		9398C50F20A7645000C7C8AA /* Main.storyboard in Resources */ = {isa = PBXBuildFile; fileRef = 9398C50D20A7645000C7C8AA /* Main.storyboard */; };
		9398C51120A7645200C7C8AA /* Assets.xcassets in Resources */ = {isa = PBXBuildFile; fileRef = 9398C51020A7645200C7C8AA /* Assets.xcassets */; };
		9398C51420A7645200C7C8AA /* LaunchScreen.storyboard in Resources */ = {isa = PBXBuildFile; fileRef = 9398C51220A7645200C7C8AA /* LaunchScreen.storyboard */; };
		9398C51720A7645200C7C8AA /* main.m in Sources */ = {isa = PBXBuildFile; fileRef = 9398C51620A7645200C7C8AA /* main.m */; };
/* End PBXBuildFile section */

/* Begin PBXCopyFilesBuildPhase section */
		938197C520AE776600134EBC /* Embed Frameworks */ = {
			isa = PBXCopyFilesBuildPhase;
			buildActionMask = 2147483647;
			dstPath = "";
			dstSubfolderSpec = 10;
			files = (
				938197C420AE776600134EBC /* ZCEasyLibrary.framework in Embed Frameworks */,
			);
			name = "Embed Frameworks";
			runOnlyForDeploymentPostprocessing = 0;
		};
/* End PBXCopyFilesBuildPhase section */

/* Begin PBXFileReference section */
		9381977120AE731700134EBC /* ZCSpinnerView.h */ = {isa = PBXFileReference; fileEncoding = 4; lastKnownFileType = sourcecode.c.h; path = ZCSpinnerView.h; sourceTree = "<group>"; };
		9381977220AE731700134EBC /* ZCSpinnerView.m */ = {isa = PBXFileReference; fileEncoding = 4; lastKnownFileType = sourcecode.c.objc; path = ZCSpinnerView.m; sourceTree = "<group>"; };
		9381977E20AE731700134EBC /* ZCCalendarDateLunarCalendar.c */ = {isa = PBXFileReference; fileEncoding = 4; lastKnownFileType = sourcecode.c.c; path = ZCCalendarDateLunarCalendar.c; sourceTree = "<group>"; };
		9381977F20AE731700134EBC /* ZCCalendarDate.m */ = {isa = PBXFileReference; fileEncoding = 4; lastKnownFileType = sourcecode.c.objc; path = ZCCalendarDate.m; sourceTree = "<group>"; };
		9381978020AE731700134EBC /* ZCCalendarDate.h */ = {isa = PBXFileReference; fileEncoding = 4; lastKnownFileType = sourcecode.c.h; path = ZCCalendarDate.h; sourceTree = "<group>"; };
		9381978120AE731700134EBC /* ZCCalendarDateLunarCalendar.h */ = {isa = PBXFileReference; fileEncoding = 4; lastKnownFileType = sourcecode.c.h; path = ZCCalendarDateLunarCalendar.h; sourceTree = "<group>"; };
		9381978320AE731700134EBC /* ZCCalendarManageView.m */ = {isa = PBXFileReference; fileEncoding = 4; lastKnownFileType = sourcecode.c.objc; path = ZCCalendarManageView.m; sourceTree = "<group>"; };
		9381978420AE731700134EBC /* ZCCalendarView.m */ = {isa = PBXFileReference; fileEncoding = 4; lastKnownFileType = sourcecode.c.objc; path = ZCCalendarView.m; sourceTree = "<group>"; };
		9381978520AE731700134EBC /* ZCCalendarDayCell.h */ = {isa = PBXFileReference; fileEncoding = 4; lastKnownFileType = sourcecode.c.h; path = ZCCalendarDayCell.h; sourceTree = "<group>"; };
		9381978620AE731700134EBC /* ZCCalendarManageView.h */ = {isa = PBXFileReference; fileEncoding = 4; lastKnownFileType = sourcecode.c.h; path = ZCCalendarManageView.h; sourceTree = "<group>"; };
		9381978720AE731700134EBC /* ZCCalendarView.h */ = {isa = PBXFileReference; fileEncoding = 4; lastKnownFileType = sourcecode.c.h; path = ZCCalendarView.h; sourceTree = "<group>"; };
		9381978820AE731700134EBC /* ZCCalendarDayCell.m */ = {isa = PBXFileReference; fileEncoding = 4; lastKnownFileType = sourcecode.c.objc; path = ZCCalendarDayCell.m; sourceTree = "<group>"; };
		9381979620AE732800134EBC /* ZCPicturePreviewVC.h */ = {isa = PBXFileReference; fileEncoding = 4; lastKnownFileType = sourcecode.c.h; path = ZCPicturePreviewVC.h; sourceTree = "<group>"; };
		9381979820AE732800134EBC /* CalendarDayCell.m */ = {isa = PBXFileReference; fileEncoding = 4; lastKnownFileType = sourcecode.c.objc; path = CalendarDayCell.m; sourceTree = "<group>"; };
		9381979920AE732800134EBC /* CalendarVC.h */ = {isa = PBXFileReference; fileEncoding = 4; lastKnownFileType = sourcecode.c.h; path = CalendarVC.h; sourceTree = "<group>"; };
		9381979A20AE732800134EBC /* CalendarVC.m */ = {isa = PBXFileReference; fileEncoding = 4; lastKnownFileType = sourcecode.c.objc; path = CalendarVC.m; sourceTree = "<group>"; };
		9381979B20AE732800134EBC /* CalendarDayCell.h */ = {isa = PBXFileReference; fileEncoding = 4; lastKnownFileType = sourcecode.c.h; path = CalendarDayCell.h; sourceTree = "<group>"; };
		9381979C20AE732800134EBC /* BannerVC.m */ = {isa = PBXFileReference; fileEncoding = 4; lastKnownFileType = sourcecode.c.objc; path = BannerVC.m; sourceTree = "<group>"; };
		9381979D20AE732800134EBC /* ViewVC.h */ = {isa = PBXFileReference; fileEncoding = 4; lastKnownFileType = sourcecode.c.h; path = ViewVC.h; sourceTree = "<group>"; };
		9381979E20AE732800134EBC /* ZCPicturePreviewVC.m */ = {isa = PBXFileReference; fileEncoding = 4; lastKnownFileType = sourcecode.c.objc; path = ZCPicturePreviewVC.m; sourceTree = "<group>"; };
		9381979F20AE732800134EBC /* ViewVC.m */ = {isa = PBXFileReference; fileEncoding = 4; lastKnownFileType = sourcecode.c.objc; path = ViewVC.m; sourceTree = "<group>"; };
		938197A020AE732800134EBC /* BannerVC.h */ = {isa = PBXFileReference; fileEncoding = 4; lastKnownFileType = sourcecode.c.h; path = BannerVC.h; sourceTree = "<group>"; };
		938197A720AE733B00134EBC /* ZCAppConfigFieldInfo.h */ = {isa = PBXFileReference; fileEncoding = 4; lastKnownFileType = sourcecode.c.h; path = ZCAppConfigFieldInfo.h; sourceTree = "<group>"; };
		938197A820AE733B00134EBC /* ZCTablePopupControl.h */ = {isa = PBXFileReference; fileEncoding = 4; lastKnownFileType = sourcecode.c.h; path = ZCTablePopupControl.h; sourceTree = "<group>"; };
		938197A920AE733B00134EBC /* ZCNotification.h */ = {isa = PBXFileReference; fileEncoding = 4; lastKnownFileType = sourcecode.c.h; path = ZCNotification.h; sourceTree = "<group>"; };
		938197AF20AE733B00134EBC /* ZCPlaySystemSound.h */ = {isa = PBXFileReference; fileEncoding = 4; lastKnownFileType = sourcecode.c.h; path = ZCPlaySystemSound.h; sourceTree = "<group>"; };
		938197B020AE733B00134EBC /* ZCNotification.m */ = {isa = PBXFileReference; fileEncoding = 4; lastKnownFileType = sourcecode.c.objc; path = ZCNotification.m; sourceTree = "<group>"; };
		938197B120AE733B00134EBC /* AppConfigFieldInfo.plist */ = {isa = PBXFileReference; fileEncoding = 4; lastKnownFileType = text.plist.xml; path = AppConfigFieldInfo.plist; sourceTree = "<group>"; };
		938197B220AE733B00134EBC /* ZCTablePopupControl.m */ = {isa = PBXFileReference; fileEncoding = 4; lastKnownFileType = sourcecode.c.objc; path = ZCTablePopupControl.m; sourceTree = "<group>"; };
		938197B320AE733B00134EBC /* ZCAppConfigFieldInfo.m */ = {isa = PBXFileReference; fileEncoding = 4; lastKnownFileType = sourcecode.c.objc; path = ZCAppConfigFieldInfo.m; sourceTree = "<group>"; };
		938197B420AE733B00134EBC /* zc_sound.plist */ = {isa = PBXFileReference; fileEncoding = 4; lastKnownFileType = text.plist.xml; path = zc_sound.plist; sourceTree = "<group>"; };
		938197B520AE733B00134EBC /* ZCPlaySystemSound.m */ = {isa = PBXFileReference; fileEncoding = 4; lastKnownFileType = sourcecode.c.objc; path = ZCPlaySystemSound.m; sourceTree = "<group>"; };
		938197BE20AE735200134EBC /* iconfont.ttf */ = {isa = PBXFileReference; lastKnownFileType = file; path = iconfont.ttf; sourceTree = "<group>"; };
		938197BF20AE735600134EBC /* main_banner.bundle */ = {isa = PBXFileReference; lastKnownFileType = "wrapper.plug-in"; path = main_banner.bundle; sourceTree = "<group>"; };
		938197C220AE776600134EBC /* ZCEasyLibrary.framework */ = {isa = PBXFileReference; lastKnownFileType = wrapper.framework; path = ZCEasyLibrary.framework; sourceTree = "<group>"; };
		938197C620AE779800134EBC /* libz.tbd */ = {isa = PBXFileReference; lastKnownFileType = "sourcecode.text-based-dylib-definition"; name = libz.tbd; path = usr/lib/libz.tbd; sourceTree = SDKROOT; };
		938197C820AE77A500134EBC /* MobileCoreServices.framework */ = {isa = PBXFileReference; lastKnownFileType = wrapper.framework; name = MobileCoreServices.framework; path = System/Library/Frameworks/MobileCoreServices.framework; sourceTree = SDKROOT; };
		9398C50420A7645000C7C8AA /* CocoapodsLibrary.app */ = {isa = PBXFileReference; explicitFileType = wrapper.application; includeInIndex = 0; path = CocoapodsLibrary.app; sourceTree = BUILT_PRODUCTS_DIR; };
		9398C50720A7645000C7C8AA /* AppDelegate.h */ = {isa = PBXFileReference; lastKnownFileType = sourcecode.c.h; path = AppDelegate.h; sourceTree = "<group>"; };
		9398C50820A7645000C7C8AA /* AppDelegate.m */ = {isa = PBXFileReference; lastKnownFileType = sourcecode.c.objc; path = AppDelegate.m; sourceTree = "<group>"; };
		9398C50A20A7645000C7C8AA /* ViewController.h */ = {isa = PBXFileReference; lastKnownFileType = sourcecode.c.h; path = ViewController.h; sourceTree = "<group>"; };
		9398C50B20A7645000C7C8AA /* ViewController.m */ = {isa = PBXFileReference; lastKnownFileType = sourcecode.c.objc; path = ViewController.m; sourceTree = "<group>"; };
		9398C50E20A7645000C7C8AA /* Base */ = {isa = PBXFileReference; lastKnownFileType = file.storyboard; name = Base; path = Base.lproj/Main.storyboard; sourceTree = "<group>"; };
		9398C51020A7645200C7C8AA /* Assets.xcassets */ = {isa = PBXFileReference; lastKnownFileType = folder.assetcatalog; path = Assets.xcassets; sourceTree = "<group>"; };
		9398C51320A7645200C7C8AA /* Base */ = {isa = PBXFileReference; lastKnownFileType = file.storyboard; name = Base; path = Base.lproj/LaunchScreen.storyboard; sourceTree = "<group>"; };
		9398C51520A7645200C7C8AA /* Info.plist */ = {isa = PBXFileReference; lastKnownFileType = text.plist.xml; path = Info.plist; sourceTree = "<group>"; };
		9398C51620A7645200C7C8AA /* main.m */ = {isa = PBXFileReference; lastKnownFileType = sourcecode.c.objc; path = main.m; sourceTree = "<group>"; };
/* End PBXFileReference section */

/* Begin PBXFrameworksBuildPhase section */
		9398C50120A7645000C7C8AA /* Frameworks */ = {
			isa = PBXFrameworksBuildPhase;
			buildActionMask = 2147483647;
			files = (
				938197C920AE77A500134EBC /* MobileCoreServices.framework in Frameworks */,
				938197C720AE779800134EBC /* libz.tbd in Frameworks */,
				938197C320AE776600134EBC /* ZCEasyLibrary.framework in Frameworks */,
			);
			runOnlyForDeploymentPostprocessing = 0;
		};
/* End PBXFrameworksBuildPhase section */

/* Begin PBXGroup section */
		9381976620AE6C1000134EBC /* Supporting Files */ = {
			isa = PBXGroup;
			children = (
				938197BE20AE735200134EBC /* iconfont.ttf */,
				938197BF20AE735600134EBC /* main_banner.bundle */,
				9398C50D20A7645000C7C8AA /* Main.storyboard */,
				9398C51020A7645200C7C8AA /* Assets.xcassets */,
				9398C51220A7645200C7C8AA /* LaunchScreen.storyboard */,
				9398C51520A7645200C7C8AA /* Info.plist */,
				9398C51620A7645200C7C8AA /* main.m */,
			);
			path = "Supporting Files";
			sourceTree = "<group>";
		};
		9381976A20AE731700134EBC /* Library */ = {
			isa = PBXGroup;
			children = (
				938197C220AE776600134EBC /* ZCEasyLibrary.framework */,
				9381977020AE731700134EBC /* ZCSpinnerView */,
				9381977C20AE731700134EBC /* ZCCalendarView */,
			);
			path = Library;
			sourceTree = SOURCE_ROOT;
		};
		9381977020AE731700134EBC /* ZCSpinnerView */ = {
			isa = PBXGroup;
			children = (
				9381977120AE731700134EBC /* ZCSpinnerView.h */,
				9381977220AE731700134EBC /* ZCSpinnerView.m */,
			);
			path = ZCSpinnerView;
			sourceTree = "<group>";
		};
		9381977C20AE731700134EBC /* ZCCalendarView */ = {
			isa = PBXGroup;
			children = (
				9381977D20AE731700134EBC /* date */,
				9381978220AE731700134EBC /* view */,
			);
			path = ZCCalendarView;
			sourceTree = "<group>";
		};
		9381977D20AE731700134EBC /* date */ = {
			isa = PBXGroup;
			children = (
				9381978020AE731700134EBC /* ZCCalendarDate.h */,
				9381977F20AE731700134EBC /* ZCCalendarDate.m */,
				9381977E20AE731700134EBC /* ZCCalendarDateLunarCalendar.c */,
				9381978120AE731700134EBC /* ZCCalendarDateLunarCalendar.h */,
			);
			path = date;
			sourceTree = "<group>";
		};
		9381978220AE731700134EBC /* view */ = {
			isa = PBXGroup;
			children = (
				9381978520AE731700134EBC /* ZCCalendarDayCell.h */,
				9381978820AE731700134EBC /* ZCCalendarDayCell.m */,
				9381978620AE731700134EBC /* ZCCalendarManageView.h */,
				9381978320AE731700134EBC /* ZCCalendarManageView.m */,
				9381978720AE731700134EBC /* ZCCalendarView.h */,
				9381978420AE731700134EBC /* ZCCalendarView.m */,
			);
			path = view;
			sourceTree = "<group>";
		};
		9381979520AE732800134EBC /* Main */ = {
			isa = PBXGroup;
			children = (
				938197A020AE732800134EBC /* BannerVC.h */,
				9381979C20AE732800134EBC /* BannerVC.m */,
				9381979720AE732800134EBC /* Calendar */,
				9381979D20AE732800134EBC /* ViewVC.h */,
				9381979F20AE732800134EBC /* ViewVC.m */,
				9381979620AE732800134EBC /* ZCPicturePreviewVC.h */,
				9381979E20AE732800134EBC /* ZCPicturePreviewVC.m */,
			);
			path = Main;
			sourceTree = "<group>";
		};
		9381979720AE732800134EBC /* Calendar */ = {
			isa = PBXGroup;
			children = (
				9381979B20AE732800134EBC /* CalendarDayCell.h */,
				9381979820AE732800134EBC /* CalendarDayCell.m */,
				9381979920AE732800134EBC /* CalendarVC.h */,
				9381979A20AE732800134EBC /* CalendarVC.m */,
			);
			path = Calendar;
			sourceTree = "<group>";
		};
		938197A620AE733B00134EBC /* test */ = {
			isa = PBXGroup;
			children = (
				938197B120AE733B00134EBC /* AppConfigFieldInfo.plist */,
				938197A720AE733B00134EBC /* ZCAppConfigFieldInfo.h */,
				938197B320AE733B00134EBC /* ZCAppConfigFieldInfo.m */,
				938197A920AE733B00134EBC /* ZCNotification.h */,
				938197B020AE733B00134EBC /* ZCNotification.m */,
				938197B420AE733B00134EBC /* zc_sound.plist */,
				938197AF20AE733B00134EBC /* ZCPlaySystemSound.h */,
				938197B520AE733B00134EBC /* ZCPlaySystemSound.m */,
				938197A820AE733B00134EBC /* ZCTablePopupControl.h */,
				938197B220AE733B00134EBC /* ZCTablePopupControl.m */,
			);
			path = test;
			sourceTree = "<group>";
		};
		938197C120AE771C00134EBC /* Frameworks */ = {
			isa = PBXGroup;
			children = (
				938197C820AE77A500134EBC /* MobileCoreServices.framework */,
				938197C620AE779800134EBC /* libz.tbd */,
			);
			path = Frameworks;
			sourceTree = "<group>";
		};
		9398C4FB20A7645000C7C8AA = {
			isa = PBXGroup;
			children = (
				9398C50620A7645000C7C8AA /* CocoapodsLibrary */,
				938197C120AE771C00134EBC /* Frameworks */,
				9398C50520A7645000C7C8AA /* Products */,
			);
			sourceTree = "<group>";
		};
		9398C50520A7645000C7C8AA /* Products */ = {
			isa = PBXGroup;
			children = (
				9398C50420A7645000C7C8AA /* CocoapodsLibrary.app */,
			);
			name = Products;
			sourceTree = "<group>";
		};
		9398C50620A7645000C7C8AA /* CocoapodsLibrary */ = {
			isa = PBXGroup;
			children = (
				9398C50720A7645000C7C8AA /* AppDelegate.h */,
				9398C50820A7645000C7C8AA /* AppDelegate.m */,
				9398C50A20A7645000C7C8AA /* ViewController.h */,
				9398C50B20A7645000C7C8AA /* ViewController.m */,
				938197A620AE733B00134EBC /* test */,
				9381979520AE732800134EBC /* Main */,
				9381976A20AE731700134EBC /* Library */,
				9381976620AE6C1000134EBC /* Supporting Files */,
			);
			path = CocoapodsLibrary;
			sourceTree = "<group>";
		};
/* End PBXGroup section */

/* Begin PBXNativeTarget section */
		9398C50320A7645000C7C8AA /* CocoapodsLibrary */ = {
			isa = PBXNativeTarget;
			buildConfigurationList = 9398C51A20A7645200C7C8AA /* Build configuration list for PBXNativeTarget "CocoapodsLibrary" */;
			buildPhases = (
				9398C50020A7645000C7C8AA /* Sources */,
				9398C50120A7645000C7C8AA /* Frameworks */,
				9398C50220A7645000C7C8AA /* Resources */,
				938197C520AE776600134EBC /* Embed Frameworks */,
			);
			buildRules = (
			);
			dependencies = (
			);
			name = CocoapodsLibrary;
			productName = CocoapodsLibrary;
			productReference = 9398C50420A7645000C7C8AA /* CocoapodsLibrary.app */;
			productType = "com.apple.product-type.application";
		};
/* End PBXNativeTarget section */

/* Begin PBXProject section */
		9398C4FC20A7645000C7C8AA /* Project object */ = {
			isa = PBXProject;
			attributes = {
				LastUpgradeCheck = 0930;
				ORGANIZATIONNAME = "王志超";
				TargetAttributes = {
					9398C50320A7645000C7C8AA = {
						CreatedOnToolsVersion = 9.3;
					};
				};
			};
			buildConfigurationList = 9398C4FF20A7645000C7C8AA /* Build configuration list for PBXProject "CocoapodsLibrary" */;
			compatibilityVersion = "Xcode 9.3";
			developmentRegion = en;
			hasScannedForEncodings = 0;
			knownRegions = (
				en,
				Base,
			);
			mainGroup = 9398C4FB20A7645000C7C8AA;
			productRefGroup = 9398C50520A7645000C7C8AA /* Products */;
			projectDirPath = "";
			projectRoot = "";
			targets = (
				9398C50320A7645000C7C8AA /* CocoapodsLibrary */,
			);
		};
/* End PBXProject section */

/* Begin PBXResourcesBuildPhase section */
		9398C50220A7645000C7C8AA /* Resources */ = {
			isa = PBXResourcesBuildPhase;
			buildActionMask = 2147483647;
			files = (
				938197C020AE735700134EBC /* main_banner.bundle in Resources */,
				9398C51420A7645200C7C8AA /* LaunchScreen.storyboard in Resources */,
				938197B920AE733B00134EBC /* AppConfigFieldInfo.plist in Resources */,
				9398C51120A7645200C7C8AA /* Assets.xcassets in Resources */,
				9398C50F20A7645000C7C8AA /* Main.storyboard in Resources */,
				938197BC20AE733B00134EBC /* zc_sound.plist in Resources */,
			);
			runOnlyForDeploymentPostprocessing = 0;
		};
/* End PBXResourcesBuildPhase section */

/* Begin PBXSourcesBuildPhase section */
		9398C50020A7645000C7C8AA /* Sources */ = {
			isa = PBXSourcesBuildPhase;
			buildActionMask = 2147483647;
			files = (
				938197BA20AE733B00134EBC /* ZCTablePopupControl.m in Sources */,
				938197BB20AE733B00134EBC /* ZCAppConfigFieldInfo.m in Sources */,
				9381979020AE731700134EBC /* ZCCalendarDateLunarCalendar.c in Sources */,
				938197A420AE732800134EBC /* ZCPicturePreviewVC.m in Sources */,
				938197A520AE732800134EBC /* ViewVC.m in Sources */,
				9398C50C20A7645000C7C8AA /* ViewController.m in Sources */,
				9381979420AE731700134EBC /* ZCCalendarDayCell.m in Sources */,
				938197A320AE732800134EBC /* BannerVC.m in Sources */,
				938197B820AE733B00134EBC /* ZCNotification.m in Sources */,
				9381979120AE731700134EBC /* ZCCalendarDate.m in Sources */,
				9381979220AE731700134EBC /* ZCCalendarManageView.m in Sources */,
				9381978C20AE731700134EBC /* ZCSpinnerView.m in Sources */,
				9381979320AE731700134EBC /* ZCCalendarView.m in Sources */,
				9398C51720A7645200C7C8AA /* main.m in Sources */,
				938197A220AE732800134EBC /* CalendarVC.m in Sources */,
				938197A120AE732800134EBC /* CalendarDayCell.m in Sources */,
				9398C50920A7645000C7C8AA /* AppDelegate.m in Sources */,
				938197BD20AE733B00134EBC /* ZCPlaySystemSound.m in Sources */,
			);
			runOnlyForDeploymentPostprocessing = 0;
		};
/* End PBXSourcesBuildPhase section */

/* Begin PBXVariantGroup section */
		9398C50D20A7645000C7C8AA /* Main.storyboard */ = {
			isa = PBXVariantGroup;
			children = (
				9398C50E20A7645000C7C8AA /* Base */,
			);
			name = Main.storyboard;
			sourceTree = "<group>";
		};
		9398C51220A7645200C7C8AA /* LaunchScreen.storyboard */ = {
			isa = PBXVariantGroup;
			children = (
				9398C51320A7645200C7C8AA /* Base */,
			);
			name = LaunchScreen.storyboard;
			sourceTree = "<group>";
		};
/* End PBXVariantGroup section */

/* Begin XCBuildConfiguration section */
		9398C51820A7645200C7C8AA /* Debug */ = {
			isa = XCBuildConfiguration;
			buildSettings = {
				ALWAYS_SEARCH_USER_PATHS = NO;
				CLANG_ANALYZER_NONNULL = YES;
				CLANG_ANALYZER_NUMBER_OBJECT_CONVERSION = YES_AGGRESSIVE;
				CLANG_CXX_LANGUAGE_STANDARD = "gnu++14";
				CLANG_CXX_LIBRARY = "libc++";
				CLANG_ENABLE_MODULES = YES;
				CLANG_ENABLE_OBJC_ARC = YES;
				CLANG_ENABLE_OBJC_WEAK = YES;
				CLANG_WARN_BLOCK_CAPTURE_AUTORELEASING = YES;
				CLANG_WARN_BOOL_CONVERSION = YES;
				CLANG_WARN_COMMA = YES;
				CLANG_WARN_CONSTANT_CONVERSION = YES;
				CLANG_WARN_DEPRECATED_OBJC_IMPLEMENTATIONS = YES;
				CLANG_WARN_DIRECT_OBJC_ISA_USAGE = YES_ERROR;
				CLANG_WARN_DOCUMENTATION_COMMENTS = YES;
				CLANG_WARN_EMPTY_BODY = YES;
				CLANG_WARN_ENUM_CONVERSION = YES;
				CLANG_WARN_INFINITE_RECURSION = YES;
				CLANG_WARN_INT_CONVERSION = YES;
				CLANG_WARN_NON_LITERAL_NULL_CONVERSION = YES;
				CLANG_WARN_OBJC_IMPLICIT_RETAIN_SELF = YES;
				CLANG_WARN_OBJC_LITERAL_CONVERSION = YES;
				CLANG_WARN_OBJC_ROOT_CLASS = YES_ERROR;
				CLANG_WARN_RANGE_LOOP_ANALYSIS = YES;
				CLANG_WARN_STRICT_PROTOTYPES = YES;
				CLANG_WARN_SUSPICIOUS_MOVE = YES;
				CLANG_WARN_UNGUARDED_AVAILABILITY = YES_AGGRESSIVE;
				CLANG_WARN_UNREACHABLE_CODE = YES;
				CLANG_WARN__DUPLICATE_METHOD_MATCH = YES;
				CODE_SIGN_IDENTITY = "iPhone Developer";
				COPY_PHASE_STRIP = NO;
				DEBUG_INFORMATION_FORMAT = dwarf;
				ENABLE_STRICT_OBJC_MSGSEND = YES;
				ENABLE_TESTABILITY = YES;
				GCC_C_LANGUAGE_STANDARD = gnu11;
				GCC_DYNAMIC_NO_PIC = NO;
				GCC_NO_COMMON_BLOCKS = YES;
				GCC_OPTIMIZATION_LEVEL = 0;
				GCC_PREPROCESSOR_DEFINITIONS = (
					"DEBUG=1",
					"$(inherited)",
				);
				GCC_WARN_64_TO_32_BIT_CONVERSION = YES;
				GCC_WARN_ABOUT_RETURN_TYPE = YES_ERROR;
				GCC_WARN_UNDECLARED_SELECTOR = YES;
				GCC_WARN_UNINITIALIZED_AUTOS = YES_AGGRESSIVE;
				GCC_WARN_UNUSED_FUNCTION = YES;
				GCC_WARN_UNUSED_VARIABLE = YES;
				IPHONEOS_DEPLOYMENT_TARGET = 11.3;
				MTL_ENABLE_DEBUG_INFO = YES;
				ONLY_ACTIVE_ARCH = YES;
				SDKROOT = iphoneos;
			};
			name = Debug;
		};
		9398C51920A7645200C7C8AA /* Release */ = {
			isa = XCBuildConfiguration;
			buildSettings = {
				ALWAYS_SEARCH_USER_PATHS = NO;
				CLANG_ANALYZER_NONNULL = YES;
				CLANG_ANALYZER_NUMBER_OBJECT_CONVERSION = YES_AGGRESSIVE;
				CLANG_CXX_LANGUAGE_STANDARD = "gnu++14";
				CLANG_CXX_LIBRARY = "libc++";
				CLANG_ENABLE_MODULES = YES;
				CLANG_ENABLE_OBJC_ARC = YES;
				CLANG_ENABLE_OBJC_WEAK = YES;
				CLANG_WARN_BLOCK_CAPTURE_AUTORELEASING = YES;
				CLANG_WARN_BOOL_CONVERSION = YES;
				CLANG_WARN_COMMA = YES;
				CLANG_WARN_CONSTANT_CONVERSION = YES;
				CLANG_WARN_DEPRECATED_OBJC_IMPLEMENTATIONS = YES;
				CLANG_WARN_DIRECT_OBJC_ISA_USAGE = YES_ERROR;
				CLANG_WARN_DOCUMENTATION_COMMENTS = YES;
				CLANG_WARN_EMPTY_BODY = YES;
				CLANG_WARN_ENUM_CONVERSION = YES;
				CLANG_WARN_INFINITE_RECURSION = YES;
				CLANG_WARN_INT_CONVERSION = YES;
				CLANG_WARN_NON_LITERAL_NULL_CONVERSION = YES;
				CLANG_WARN_OBJC_IMPLICIT_RETAIN_SELF = YES;
				CLANG_WARN_OBJC_LITERAL_CONVERSION = YES;
				CLANG_WARN_OBJC_ROOT_CLASS = YES_ERROR;
				CLANG_WARN_RANGE_LOOP_ANALYSIS = YES;
				CLANG_WARN_STRICT_PROTOTYPES = YES;
				CLANG_WARN_SUSPICIOUS_MOVE = YES;
				CLANG_WARN_UNGUARDED_AVAILABILITY = YES_AGGRESSIVE;
				CLANG_WARN_UNREACHABLE_CODE = YES;
				CLANG_WARN__DUPLICATE_METHOD_MATCH = YES;
				CODE_SIGN_IDENTITY = "iPhone Developer";
				COPY_PHASE_STRIP = NO;
				DEBUG_INFORMATION_FORMAT = "dwarf-with-dsym";
				ENABLE_NS_ASSERTIONS = NO;
				ENABLE_STRICT_OBJC_MSGSEND = YES;
				GCC_C_LANGUAGE_STANDARD = gnu11;
				GCC_NO_COMMON_BLOCKS = YES;
				GCC_WARN_64_TO_32_BIT_CONVERSION = YES;
				GCC_WARN_ABOUT_RETURN_TYPE = YES_ERROR;
				GCC_WARN_UNDECLARED_SELECTOR = YES;
				GCC_WARN_UNINITIALIZED_AUTOS = YES_AGGRESSIVE;
				GCC_WARN_UNUSED_FUNCTION = YES;
				GCC_WARN_UNUSED_VARIABLE = YES;
				IPHONEOS_DEPLOYMENT_TARGET = 11.3;
				MTL_ENABLE_DEBUG_INFO = NO;
				SDKROOT = iphoneos;
				VALIDATE_PRODUCT = YES;
			};
			name = Release;
		};
		9398C51B20A7645200C7C8AA /* Debug */ = {
			isa = XCBuildConfiguration;
			buildSettings = {
				ASSETCATALOG_COMPILER_APPICON_NAME = AppIcon;
				CODE_SIGN_STYLE = Automatic;
				DEVELOPMENT_TEAM = 3TF6UX56K9;
				FRAMEWORK_SEARCH_PATHS = (
					"$(inherited)",
					"$(PROJECT_DIR)$(LOCAL_LIBRARY_DIR)",
				);
				INFOPLIST_FILE = "CocoapodsLibrary/Supporting Files/Info.plist";
				IPHONEOS_DEPLOYMENT_TARGET = 8.0;
				LD_RUNPATH_SEARCH_PATHS = (
					"$(inherited)",
					"@executable_path/Frameworks",
				);
				PRODUCT_BUNDLE_IDENTIFIER = com.workai.CocoapodsLibrary;
				PRODUCT_NAME = "$(TARGET_NAME)";
				TARGETED_DEVICE_FAMILY = "1,2";
				USER_HEADER_SEARCH_PATHS = "$(PROJECT_DIR)$(LOCAL_LIBRARY_DIR)/**";
			};
			name = Debug;
		};
		9398C51C20A7645200C7C8AA /* Release */ = {
			isa = XCBuildConfiguration;
			buildSettings = {
				ASSETCATALOG_COMPILER_APPICON_NAME = AppIcon;
				CODE_SIGN_STYLE = Automatic;
				DEVELOPMENT_TEAM = 3TF6UX56K9;
				FRAMEWORK_SEARCH_PATHS = (
					"$(inherited)",
					"$(PROJECT_DIR)$(LOCAL_LIBRARY_DIR)",
				);
				INFOPLIST_FILE = "CocoapodsLibrary/Supporting Files/Info.plist";
				IPHONEOS_DEPLOYMENT_TARGET = 8.0;
				LD_RUNPATH_SEARCH_PATHS = (
					"$(inherited)",
					"@executable_path/Frameworks",
				);
				PRODUCT_BUNDLE_IDENTIFIER = com.workai.CocoapodsLibrary;
				PRODUCT_NAME = "$(TARGET_NAME)";
				TARGETED_DEVICE_FAMILY = "1,2";
				USER_HEADER_SEARCH_PATHS = "$(PROJECT_DIR)$(LOCAL_LIBRARY_DIR)/**";
			};
			name = Release;
		};
/* End XCBuildConfiguration section */

/* Begin XCConfigurationList section */
		9398C4FF20A7645000C7C8AA /* Build configuration list for PBXProject "CocoapodsLibrary" */ = {
			isa = XCConfigurationList;
			buildConfigurations = (
				9398C51820A7645200C7C8AA /* Debug */,
				9398C51920A7645200C7C8AA /* Release */,
			);
			defaultConfigurationIsVisible = 0;
			defaultConfigurationName = Release;
		};
		9398C51A20A7645200C7C8AA /* Build configuration list for PBXNativeTarget "CocoapodsLibrary" */ = {
			isa = XCConfigurationList;
			buildConfigurations = (
				9398C51B20A7645200C7C8AA /* Debug */,
				9398C51C20A7645200C7C8AA /* Release */,
			);
			defaultConfigurationIsVisible = 0;
			defaultConfigurationName = Release;
		};
/* End XCConfigurationList section */
	};
	rootObject = 9398C4FC20A7645000C7C8AA /* Project object */;
}
