// !$*UTF8*$!
{
	archiveVersion = 1;
	classes = {
	};
	objectVersion = 48;
	objects = {

/* Begin PBXBuildFile section */
		934E711F1FAC18DE00E69A72 /* libz.tbd in Frameworks */ = {isa = PBXBuildFile; fileRef = 934E711E1FAC18DE00E69A72 /* libz.tbd */; };
		935ACFF11FA3A5EF000A7AF3 /* UITableView+xiaoaiStyle.m in Sources */ = {isa = PBXBuildFile; fileRef = 93B5CA371F9C7A5B00288040 /* UITableView+xiaoaiStyle.m */; };
		935ACFFA1FA45C5A000A7AF3 /* ViewVC.m in Sources */ = {isa = PBXBuildFile; fileRef = 935ACFF91FA45C5A000A7AF3 /* ViewVC.m */; };
		935F4EBC1F99018000CD6AB7 /* CalendarVC.m in Sources */ = {isa = PBXBuildFile; fileRef = 935F4EBB1F99018000CD6AB7 /* CalendarVC.m */; };
		935F4EBD1F99090400CD6AB7 /* CalendarDayCell.m in Sources */ = {isa = PBXBuildFile; fileRef = 935F4EB71F98FC9A00CD6AB7 /* CalendarDayCell.m */; };
		935F4EBF1F99090400CD6AB7 /* ZCCalendarDate.m in Sources */ = {isa = PBXBuildFile; fileRef = 935F4EAD1F98FB6A00CD6AB7 /* ZCCalendarDate.m */; };
		935F4EC01F99090400CD6AB7 /* ZCCalendarDayCell.m in Sources */ = {isa = PBXBuildFile; fileRef = 935F4EB21F98FB6A00CD6AB7 /* ZCCalendarDayCell.m */; };
		935F4EC11F99090400CD6AB7 /* ZCCalendarView.m in Sources */ = {isa = PBXBuildFile; fileRef = 935F4EB41F98FB6A00CD6AB7 /* ZCCalendarView.m */; };
		935F4EC21F990A0C00CD6AB7 /* ZCCalendarDateLunarCalendar.c in Sources */ = {isa = PBXBuildFile; fileRef = 935F4EAE1F98FB6A00CD6AB7 /* ZCCalendarDateLunarCalendar.c */; };
		935F4EC51F999CB200CD6AB7 /* ZCCalendarManageView.m in Sources */ = {isa = PBXBuildFile; fileRef = 935F4EC41F999CB200CD6AB7 /* ZCCalendarManageView.m */; };
		936CD7B21FACFE6600F13E78 /* ZCJsonModel.m in Sources */ = {isa = PBXBuildFile; fileRef = 936CD7B11FACFE6600F13E78 /* ZCJsonModel.m */; };
		936CD7B51FACFF7000F13E78 /* TestModel1.m in Sources */ = {isa = PBXBuildFile; fileRef = 936CD7B41FACFF7000F13E78 /* TestModel1.m */; };
		936CD7B81FACFF8200F13E78 /* TestModel.m in Sources */ = {isa = PBXBuildFile; fileRef = 936CD7B71FACFF8200F13E78 /* TestModel.m */; };
		939A59591FADC21600DBD9E0 /* ZCEasyLibrary.framework in Frameworks */ = {isa = PBXBuildFile; fileRef = 939A59581FADC21600DBD9E0 /* ZCEasyLibrary.framework */; };
		939A595A1FADC23300DBD9E0 /* ZCEasyLibrary.framework in Frameworks */ = {isa = PBXBuildFile; fileRef = 939A59581FADC21600DBD9E0 /* ZCEasyLibrary.framework */; };
		939A595B1FADC23300DBD9E0 /* ZCEasyLibrary.framework in Embed Frameworks */ = {isa = PBXBuildFile; fileRef = 939A59581FADC21600DBD9E0 /* ZCEasyLibrary.framework */; settings = {ATTRIBUTES = (CodeSignOnCopy, RemoveHeadersOnCopy, ); }; };
		93A87A831FA8ECF7005FFD3F /* iconfont.ttf in Resources */ = {isa = PBXBuildFile; fileRef = 93A87A821FA8EC6B005FFD3F /* iconfont.ttf */; };
		93B4127F1F974CE2003664BE /* AppDelegate.m in Sources */ = {isa = PBXBuildFile; fileRef = 93B4127E1F974CE2003664BE /* AppDelegate.m */; };
		93B412851F974CE2003664BE /* Main.storyboard in Resources */ = {isa = PBXBuildFile; fileRef = 93B412831F974CE2003664BE /* Main.storyboard */; };
		93B412871F974CE2003664BE /* Assets.xcassets in Resources */ = {isa = PBXBuildFile; fileRef = 93B412861F974CE2003664BE /* Assets.xcassets */; };
		93B4128A1F974CE2003664BE /* LaunchScreen.storyboard in Resources */ = {isa = PBXBuildFile; fileRef = 93B412881F974CE2003664BE /* LaunchScreen.storyboard */; };
		93B4128D1F974CE2003664BE /* main.m in Sources */ = {isa = PBXBuildFile; fileRef = 93B4128C1F974CE2003664BE /* main.m */; };
		93B4129B1F974ED8003664BE /* BannerVC.m in Sources */ = {isa = PBXBuildFile; fileRef = 93B4129A1F974ED8003664BE /* BannerVC.m */; };
		93B4129D1F97523B003664BE /* main_banner.bundle in Resources */ = {isa = PBXBuildFile; fileRef = 93B412961F974DED003664BE /* main_banner.bundle */; };
		93B412A11F976016003664BE /* SpinnerVC.m in Sources */ = {isa = PBXBuildFile; fileRef = 93B412A01F976016003664BE /* SpinnerVC.m */; };
		93B412A41F976026003664BE /* ZCSpinnerView.m in Sources */ = {isa = PBXBuildFile; fileRef = 93B412A31F976026003664BE /* ZCSpinnerView.m */; };
/* End PBXBuildFile section */

/* Begin PBXCopyFilesBuildPhase section */
		93AFD3741FA661940071CE1F /* Embed Frameworks */ = {
			isa = PBXCopyFilesBuildPhase;
			buildActionMask = 2147483647;
			dstPath = "";
			dstSubfolderSpec = 10;
			files = (
				939A595B1FADC23300DBD9E0 /* ZCEasyLibrary.framework in Embed Frameworks */,
			);
			name = "Embed Frameworks";
			runOnlyForDeploymentPostprocessing = 0;
		};
/* End PBXCopyFilesBuildPhase section */

/* Begin PBXFileReference section */
		934E711E1FAC18DE00E69A72 /* libz.tbd */ = {isa = PBXFileReference; lastKnownFileType = "sourcecode.text-based-dylib-definition"; name = libz.tbd; path = usr/lib/libz.tbd; sourceTree = SDKROOT; };
		935ACFF81FA45C5A000A7AF3 /* ViewVC.h */ = {isa = PBXFileReference; lastKnownFileType = sourcecode.c.h; path = ViewVC.h; sourceTree = "<group>"; };
		935ACFF91FA45C5A000A7AF3 /* ViewVC.m */ = {isa = PBXFileReference; lastKnownFileType = sourcecode.c.objc; path = ViewVC.m; sourceTree = "<group>"; };
		935F4EAC1F98FB6A00CD6AB7 /* ZCCalendarDate.h */ = {isa = PBXFileReference; lastKnownFileType = sourcecode.c.h; path = ZCCalendarDate.h; sourceTree = "<group>"; };
		935F4EAD1F98FB6A00CD6AB7 /* ZCCalendarDate.m */ = {isa = PBXFileReference; lastKnownFileType = sourcecode.c.objc; path = ZCCalendarDate.m; sourceTree = "<group>"; };
		935F4EAE1F98FB6A00CD6AB7 /* ZCCalendarDateLunarCalendar.c */ = {isa = PBXFileReference; lastKnownFileType = sourcecode.c.c; path = ZCCalendarDateLunarCalendar.c; sourceTree = "<group>"; };
		935F4EAF1F98FB6A00CD6AB7 /* ZCCalendarDateLunarCalendar.h */ = {isa = PBXFileReference; lastKnownFileType = sourcecode.c.h; path = ZCCalendarDateLunarCalendar.h; sourceTree = "<group>"; };
		935F4EB11F98FB6A00CD6AB7 /* ZCCalendarDayCell.h */ = {isa = PBXFileReference; lastKnownFileType = sourcecode.c.h; path = ZCCalendarDayCell.h; sourceTree = "<group>"; };
		935F4EB21F98FB6A00CD6AB7 /* ZCCalendarDayCell.m */ = {isa = PBXFileReference; lastKnownFileType = sourcecode.c.objc; path = ZCCalendarDayCell.m; sourceTree = "<group>"; };
		935F4EB31F98FB6A00CD6AB7 /* ZCCalendarView.h */ = {isa = PBXFileReference; lastKnownFileType = sourcecode.c.h; path = ZCCalendarView.h; sourceTree = "<group>"; };
		935F4EB41F98FB6A00CD6AB7 /* ZCCalendarView.m */ = {isa = PBXFileReference; lastKnownFileType = sourcecode.c.objc; path = ZCCalendarView.m; sourceTree = "<group>"; };
		935F4EB61F98FC9A00CD6AB7 /* CalendarDayCell.h */ = {isa = PBXFileReference; lastKnownFileType = sourcecode.c.h; path = CalendarDayCell.h; sourceTree = "<group>"; };
		935F4EB71F98FC9A00CD6AB7 /* CalendarDayCell.m */ = {isa = PBXFileReference; lastKnownFileType = sourcecode.c.objc; path = CalendarDayCell.m; sourceTree = "<group>"; };
		935F4EBA1F99018000CD6AB7 /* CalendarVC.h */ = {isa = PBXFileReference; lastKnownFileType = sourcecode.c.h; path = CalendarVC.h; sourceTree = "<group>"; };
		935F4EBB1F99018000CD6AB7 /* CalendarVC.m */ = {isa = PBXFileReference; lastKnownFileType = sourcecode.c.objc; path = CalendarVC.m; sourceTree = "<group>"; };
		935F4EC31F999CB200CD6AB7 /* ZCCalendarManageView.h */ = {isa = PBXFileReference; lastKnownFileType = sourcecode.c.h; path = ZCCalendarManageView.h; sourceTree = "<group>"; };
		935F4EC41F999CB200CD6AB7 /* ZCCalendarManageView.m */ = {isa = PBXFileReference; lastKnownFileType = sourcecode.c.objc; path = ZCCalendarManageView.m; sourceTree = "<group>"; };
		936CD7B01FACFE6600F13E78 /* ZCJsonModel.h */ = {isa = PBXFileReference; lastKnownFileType = sourcecode.c.h; path = ZCJsonModel.h; sourceTree = "<group>"; };
		936CD7B11FACFE6600F13E78 /* ZCJsonModel.m */ = {isa = PBXFileReference; lastKnownFileType = sourcecode.c.objc; path = ZCJsonModel.m; sourceTree = "<group>"; };
		936CD7B31FACFF7000F13E78 /* TestModel1.h */ = {isa = PBXFileReference; lastKnownFileType = sourcecode.c.h; path = TestModel1.h; sourceTree = "<group>"; };
		936CD7B41FACFF7000F13E78 /* TestModel1.m */ = {isa = PBXFileReference; lastKnownFileType = sourcecode.c.objc; path = TestModel1.m; sourceTree = "<group>"; };
		936CD7B61FACFF8200F13E78 /* TestModel.h */ = {isa = PBXFileReference; lastKnownFileType = sourcecode.c.h; path = TestModel.h; sourceTree = "<group>"; };
		936CD7B71FACFF8200F13E78 /* TestModel.m */ = {isa = PBXFileReference; lastKnownFileType = sourcecode.c.objc; path = TestModel.m; sourceTree = "<group>"; };
		939A59581FADC21600DBD9E0 /* ZCEasyLibrary.framework */ = {isa = PBXFileReference; lastKnownFileType = wrapper.framework; path = ZCEasyLibrary.framework; sourceTree = "<group>"; };
		93A87A821FA8EC6B005FFD3F /* iconfont.ttf */ = {isa = PBXFileReference; lastKnownFileType = file; path = iconfont.ttf; sourceTree = "<group>"; };
		93B4127A1F974CE2003664BE /* CocoapodsLibrary.app */ = {isa = PBXFileReference; explicitFileType = wrapper.application; includeInIndex = 0; path = CocoapodsLibrary.app; sourceTree = BUILT_PRODUCTS_DIR; };
		93B4127D1F974CE2003664BE /* AppDelegate.h */ = {isa = PBXFileReference; lastKnownFileType = sourcecode.c.h; path = AppDelegate.h; sourceTree = "<group>"; };
		93B4127E1F974CE2003664BE /* AppDelegate.m */ = {isa = PBXFileReference; lastKnownFileType = sourcecode.c.objc; path = AppDelegate.m; sourceTree = "<group>"; };
		93B412841F974CE2003664BE /* Base */ = {isa = PBXFileReference; lastKnownFileType = file.storyboard; name = Base; path = Base.lproj/Main.storyboard; sourceTree = "<group>"; };
		93B412861F974CE2003664BE /* Assets.xcassets */ = {isa = PBXFileReference; lastKnownFileType = folder.assetcatalog; path = Assets.xcassets; sourceTree = "<group>"; };
		93B412891F974CE2003664BE /* Base */ = {isa = PBXFileReference; lastKnownFileType = file.storyboard; name = Base; path = Base.lproj/LaunchScreen.storyboard; sourceTree = "<group>"; };
		93B4128B1F974CE2003664BE /* Info.plist */ = {isa = PBXFileReference; lastKnownFileType = text.plist.xml; path = Info.plist; sourceTree = "<group>"; };
		93B4128C1F974CE2003664BE /* main.m */ = {isa = PBXFileReference; lastKnownFileType = sourcecode.c.objc; path = main.m; sourceTree = "<group>"; };
		93B412961F974DED003664BE /* main_banner.bundle */ = {isa = PBXFileReference; lastKnownFileType = "wrapper.plug-in"; path = main_banner.bundle; sourceTree = "<group>"; };
		93B412991F974ED8003664BE /* BannerVC.h */ = {isa = PBXFileReference; lastKnownFileType = sourcecode.c.h; path = BannerVC.h; sourceTree = "<group>"; };
		93B4129A1F974ED8003664BE /* BannerVC.m */ = {isa = PBXFileReference; lastKnownFileType = sourcecode.c.objc; path = BannerVC.m; sourceTree = "<group>"; };
		93B4129F1F976016003664BE /* SpinnerVC.h */ = {isa = PBXFileReference; lastKnownFileType = sourcecode.c.h; path = SpinnerVC.h; sourceTree = "<group>"; };
		93B412A01F976016003664BE /* SpinnerVC.m */ = {isa = PBXFileReference; lastKnownFileType = sourcecode.c.objc; path = SpinnerVC.m; sourceTree = "<group>"; };
		93B412A21F976026003664BE /* ZCSpinnerView.h */ = {isa = PBXFileReference; lastKnownFileType = sourcecode.c.h; path = ZCSpinnerView.h; sourceTree = "<group>"; };
		93B412A31F976026003664BE /* ZCSpinnerView.m */ = {isa = PBXFileReference; lastKnownFileType = sourcecode.c.objc; path = ZCSpinnerView.m; sourceTree = "<group>"; };
		93B5CA341F9C792D00288040 /* MBProgressHUD+easy.h */ = {isa = PBXFileReference; lastKnownFileType = sourcecode.c.h; path = "MBProgressHUD+easy.h"; sourceTree = "<group>"; };
		93B5CA351F9C792E00288040 /* MBProgressHUD+easy.m */ = {isa = PBXFileReference; lastKnownFileType = sourcecode.c.objc; path = "MBProgressHUD+easy.m"; sourceTree = "<group>"; };
		93B5CA361F9C7A5B00288040 /* UITableView+xiaoaiStyle.h */ = {isa = PBXFileReference; lastKnownFileType = sourcecode.c.h; path = "UITableView+xiaoaiStyle.h"; sourceTree = "<group>"; };
		93B5CA371F9C7A5B00288040 /* UITableView+xiaoaiStyle.m */ = {isa = PBXFileReference; lastKnownFileType = sourcecode.c.objc; path = "UITableView+xiaoaiStyle.m"; sourceTree = "<group>"; };
/* End PBXFileReference section */

/* Begin PBXFrameworksBuildPhase section */
		93B412771F974CE2003664BE /* Frameworks */ = {
			isa = PBXFrameworksBuildPhase;
			buildActionMask = 2147483647;
			files = (
				934E711F1FAC18DE00E69A72 /* libz.tbd in Frameworks */,
				939A59591FADC21600DBD9E0 /* ZCEasyLibrary.framework in Frameworks */,
				939A595A1FADC23300DBD9E0 /* ZCEasyLibrary.framework in Frameworks */,
			);
			runOnlyForDeploymentPostprocessing = 0;
		};
/* End PBXFrameworksBuildPhase section */

/* Begin PBXGroup section */
		934E711D1FAC18DD00E69A72 /* Frameworks */ = {
			isa = PBXGroup;
			children = (
				934E711E1FAC18DE00E69A72 /* libz.tbd */,
			);
			name = Frameworks;
			sourceTree = "<group>";
		};
		935F4EAA1F98FB6A00CD6AB7 /* ZCCalendarView */ = {
			isa = PBXGroup;
			children = (
				935F4EAB1F98FB6A00CD6AB7 /* date */,
				935F4EB01F98FB6A00CD6AB7 /* view */,
			);
			name = ZCCalendarView;
			path = Library/ZCCalendarView;
			sourceTree = SOURCE_ROOT;
		};
		935F4EAB1F98FB6A00CD6AB7 /* date */ = {
			isa = PBXGroup;
			children = (
				935F4EAC1F98FB6A00CD6AB7 /* ZCCalendarDate.h */,
				935F4EAD1F98FB6A00CD6AB7 /* ZCCalendarDate.m */,
				935F4EAE1F98FB6A00CD6AB7 /* ZCCalendarDateLunarCalendar.c */,
				935F4EAF1F98FB6A00CD6AB7 /* ZCCalendarDateLunarCalendar.h */,
			);
			path = date;
			sourceTree = "<group>";
		};
		935F4EB01F98FB6A00CD6AB7 /* view */ = {
			isa = PBXGroup;
			children = (
				935F4EB11F98FB6A00CD6AB7 /* ZCCalendarDayCell.h */,
				935F4EB21F98FB6A00CD6AB7 /* ZCCalendarDayCell.m */,
				935F4EB31F98FB6A00CD6AB7 /* ZCCalendarView.h */,
				935F4EB41F98FB6A00CD6AB7 /* ZCCalendarView.m */,
				935F4EC31F999CB200CD6AB7 /* ZCCalendarManageView.h */,
				935F4EC41F999CB200CD6AB7 /* ZCCalendarManageView.m */,
			);
			path = view;
			sourceTree = "<group>";
		};
		935F4EB51F98FC9A00CD6AB7 /* Calendar */ = {
			isa = PBXGroup;
			children = (
				935F4EBA1F99018000CD6AB7 /* CalendarVC.h */,
				935F4EBB1F99018000CD6AB7 /* CalendarVC.m */,
				935F4EB61F98FC9A00CD6AB7 /* CalendarDayCell.h */,
				935F4EB71F98FC9A00CD6AB7 /* CalendarDayCell.m */,
			);
			path = Calendar;
			sourceTree = "<group>";
		};
		935F4F111F9AEE3900CD6AB7 /* Main */ = {
			isa = PBXGroup;
			children = (
				93B412991F974ED8003664BE /* BannerVC.h */,
				93B4129A1F974ED8003664BE /* BannerVC.m */,
				93B4129F1F976016003664BE /* SpinnerVC.h */,
				93B412A01F976016003664BE /* SpinnerVC.m */,
				935F4EB51F98FC9A00CD6AB7 /* Calendar */,
				935ACFF81FA45C5A000A7AF3 /* ViewVC.h */,
				935ACFF91FA45C5A000A7AF3 /* ViewVC.m */,
			);
			path = Main;
			sourceTree = "<group>";
		};
		935F4F131F9AEE9100CD6AB7 /* Library */ = {
			isa = PBXGroup;
			children = (
				939A59581FADC21600DBD9E0 /* ZCEasyLibrary.framework */,
				93B5CA291F9C433900288040 /* ZCCategory */,
				93B4129E1F975FE3003664BE /* ZCSpinnerView */,
				935F4EAA1F98FB6A00CD6AB7 /* ZCCalendarView */,
			);
			path = Library;
			sourceTree = SOURCE_ROOT;
		};
		936CD7AF1FACFDE500F13E78 /* JsonObject */ = {
			isa = PBXGroup;
			children = (
				936CD7B01FACFE6600F13E78 /* ZCJsonModel.h */,
				936CD7B11FACFE6600F13E78 /* ZCJsonModel.m */,
				936CD7B61FACFF8200F13E78 /* TestModel.h */,
				936CD7B71FACFF8200F13E78 /* TestModel.m */,
				936CD7B31FACFF7000F13E78 /* TestModel1.h */,
				936CD7B41FACFF7000F13E78 /* TestModel1.m */,
			);
			path = JsonObject;
			sourceTree = "<group>";
		};
		93B412711F974CE2003664BE = {
			isa = PBXGroup;
			children = (
				93B4127C1F974CE2003664BE /* CocoapodsLibrary */,
				93B4127B1F974CE2003664BE /* Products */,
				934E711D1FAC18DD00E69A72 /* Frameworks */,
			);
			sourceTree = "<group>";
		};
		93B4127B1F974CE2003664BE /* Products */ = {
			isa = PBXGroup;
			children = (
				93B4127A1F974CE2003664BE /* CocoapodsLibrary.app */,
			);
			name = Products;
			sourceTree = "<group>";
		};
		93B4127C1F974CE2003664BE /* CocoapodsLibrary */ = {
			isa = PBXGroup;
			children = (
				93B4127D1F974CE2003664BE /* AppDelegate.h */,
				93B4127E1F974CE2003664BE /* AppDelegate.m */,
				935F4F111F9AEE3900CD6AB7 /* Main */,
				936CD7AF1FACFDE500F13E78 /* JsonObject */,
				935F4F131F9AEE9100CD6AB7 /* Library */,
				93B412941F974D12003664BE /* Supporting Files */,
			);
			path = CocoapodsLibrary;
			sourceTree = "<group>";
		};
		93B412941F974D12003664BE /* Supporting Files */ = {
			isa = PBXGroup;
			children = (
				93B412961F974DED003664BE /* main_banner.bundle */,
				93B412831F974CE2003664BE /* Main.storyboard */,
				93B412861F974CE2003664BE /* Assets.xcassets */,
				93B412881F974CE2003664BE /* LaunchScreen.storyboard */,
				93B4128B1F974CE2003664BE /* Info.plist */,
				93B4128C1F974CE2003664BE /* main.m */,
			);
			path = "Supporting Files";
			sourceTree = "<group>";
		};
		93B4129E1F975FE3003664BE /* ZCSpinnerView */ = {
			isa = PBXGroup;
			children = (
				93B412A21F976026003664BE /* ZCSpinnerView.h */,
				93B412A31F976026003664BE /* ZCSpinnerView.m */,
			);
			name = ZCSpinnerView;
			path = Library/ZCSpinnerView;
			sourceTree = SOURCE_ROOT;
		};
		93B5CA291F9C433900288040 /* ZCCategory */ = {
			isa = PBXGroup;
			children = (
				93A87A821FA8EC6B005FFD3F /* iconfont.ttf */,
				93B5CA321F9C790000288040 /* view */,
			);
			path = ZCCategory;
			sourceTree = "<group>";
		};
		93B5CA321F9C790000288040 /* view */ = {
			isa = PBXGroup;
			children = (
				93B5CA361F9C7A5B00288040 /* UITableView+xiaoaiStyle.h */,
				93B5CA371F9C7A5B00288040 /* UITableView+xiaoaiStyle.m */,
				93B5CA341F9C792D00288040 /* MBProgressHUD+easy.h */,
				93B5CA351F9C792E00288040 /* MBProgressHUD+easy.m */,
			);
			path = view;
			sourceTree = "<group>";
		};
/* End PBXGroup section */

/* Begin PBXNativeTarget section */
		93B412791F974CE2003664BE /* CocoapodsLibrary */ = {
			isa = PBXNativeTarget;
			buildConfigurationList = 93B412901F974CE2003664BE /* Build configuration list for PBXNativeTarget "CocoapodsLibrary" */;
			buildPhases = (
				93B412761F974CE2003664BE /* Sources */,
				93B412771F974CE2003664BE /* Frameworks */,
				93B412781F974CE2003664BE /* Resources */,
				93AFD3741FA661940071CE1F /* Embed Frameworks */,
			);
			buildRules = (
			);
			dependencies = (
			);
			name = CocoapodsLibrary;
			productName = CocoapodsLibrary;
			productReference = 93B4127A1F974CE2003664BE /* CocoapodsLibrary.app */;
			productType = "com.apple.product-type.application";
		};
/* End PBXNativeTarget section */

/* Begin PBXProject section */
		93B412721F974CE2003664BE /* Project object */ = {
			isa = PBXProject;
			attributes = {
				LastUpgradeCheck = 0900;
				ORGANIZATIONNAME = "王志超";
				TargetAttributes = {
					93B412791F974CE2003664BE = {
						CreatedOnToolsVersion = 9.0;
						ProvisioningStyle = Automatic;
					};
				};
			};
			buildConfigurationList = 93B412751F974CE2003664BE /* Build configuration list for PBXProject "CocoapodsLibrary" */;
			compatibilityVersion = "Xcode 8.0";
			developmentRegion = en;
			hasScannedForEncodings = 0;
			knownRegions = (
				en,
				Base,
			);
			mainGroup = 93B412711F974CE2003664BE;
			productRefGroup = 93B4127B1F974CE2003664BE /* Products */;
			projectDirPath = "";
			projectRoot = "";
			targets = (
				93B412791F974CE2003664BE /* CocoapodsLibrary */,
			);
		};
/* End PBXProject section */

/* Begin PBXResourcesBuildPhase section */
		93B412781F974CE2003664BE /* Resources */ = {
			isa = PBXResourcesBuildPhase;
			buildActionMask = 2147483647;
			files = (
				93A87A831FA8ECF7005FFD3F /* iconfont.ttf in Resources */,
				93B4129D1F97523B003664BE /* main_banner.bundle in Resources */,
				93B4128A1F974CE2003664BE /* LaunchScreen.storyboard in Resources */,
				93B412871F974CE2003664BE /* Assets.xcassets in Resources */,
				93B412851F974CE2003664BE /* Main.storyboard in Resources */,
			);
			runOnlyForDeploymentPostprocessing = 0;
		};
/* End PBXResourcesBuildPhase section */

/* Begin PBXSourcesBuildPhase section */
		93B412761F974CE2003664BE /* Sources */ = {
			isa = PBXSourcesBuildPhase;
			buildActionMask = 2147483647;
			files = (
				935ACFF11FA3A5EF000A7AF3 /* UITableView+xiaoaiStyle.m in Sources */,
				935F4EC21F990A0C00CD6AB7 /* ZCCalendarDateLunarCalendar.c in Sources */,
				935ACFFA1FA45C5A000A7AF3 /* ViewVC.m in Sources */,
				935F4EC51F999CB200CD6AB7 /* ZCCalendarManageView.m in Sources */,
				935F4EBF1F99090400CD6AB7 /* ZCCalendarDate.m in Sources */,
				935F4EC01F99090400CD6AB7 /* ZCCalendarDayCell.m in Sources */,
				935F4EC11F99090400CD6AB7 /* ZCCalendarView.m in Sources */,
				935F4EBD1F99090400CD6AB7 /* CalendarDayCell.m in Sources */,
				935F4EBC1F99018000CD6AB7 /* CalendarVC.m in Sources */,
				936CD7B51FACFF7000F13E78 /* TestModel1.m in Sources */,
				93B412A11F976016003664BE /* SpinnerVC.m in Sources */,
				93B412A41F976026003664BE /* ZCSpinnerView.m in Sources */,
				936CD7B81FACFF8200F13E78 /* TestModel.m in Sources */,
				936CD7B21FACFE6600F13E78 /* ZCJsonModel.m in Sources */,
				93B4129B1F974ED8003664BE /* BannerVC.m in Sources */,
				93B4127F1F974CE2003664BE /* AppDelegate.m in Sources */,
				93B4128D1F974CE2003664BE /* main.m in Sources */,
			);
			runOnlyForDeploymentPostprocessing = 0;
		};
/* End PBXSourcesBuildPhase section */

/* Begin PBXVariantGroup section */
		93B412831F974CE2003664BE /* Main.storyboard */ = {
			isa = PBXVariantGroup;
			children = (
				93B412841F974CE2003664BE /* Base */,
			);
			name = Main.storyboard;
			sourceTree = "<group>";
		};
		93B412881F974CE2003664BE /* LaunchScreen.storyboard */ = {
			isa = PBXVariantGroup;
			children = (
				93B412891F974CE2003664BE /* Base */,
			);
			name = LaunchScreen.storyboard;
			sourceTree = "<group>";
		};
/* End PBXVariantGroup section */

/* Begin XCBuildConfiguration section */
		93B4128E1F974CE2003664BE /* Debug */ = {
			isa = XCBuildConfiguration;
			buildSettings = {
				ALWAYS_SEARCH_USER_PATHS = NO;
				CLANG_ANALYZER_NONNULL = YES;
				CLANG_ANALYZER_NUMBER_OBJECT_CONVERSION = YES_AGGRESSIVE;
				CLANG_CXX_LANGUAGE_STANDARD = "gnu++14";
				CLANG_CXX_LIBRARY = "libc++";
				CLANG_ENABLE_MODULES = YES;
				CLANG_ENABLE_OBJC_ARC = YES;
				CLANG_WARN_BLOCK_CAPTURE_AUTORELEASING = YES;
				CLANG_WARN_BOOL_CONVERSION = YES;
				CLANG_WARN_COMMA = YES;
				CLANG_WARN_CONSTANT_CONVERSION = YES;
				CLANG_WARN_DIRECT_OBJC_ISA_USAGE = YES_ERROR;
				CLANG_WARN_DOCUMENTATION_COMMENTS = YES;
				CLANG_WARN_EMPTY_BODY = YES;
				CLANG_WARN_ENUM_CONVERSION = YES;
				CLANG_WARN_INFINITE_RECURSION = YES;
				CLANG_WARN_INT_CONVERSION = YES;
				CLANG_WARN_NON_LITERAL_NULL_CONVERSION = YES;
				CLANG_WARN_OBJC_LITERAL_CONVERSION = YES;
				CLANG_WARN_OBJC_ROOT_CLASS = YES_ERROR;
				CLANG_WARN_RANGE_LOOP_ANALYSIS = YES;
				CLANG_WARN_STRICT_PROTOTYPES = YES;
				CLANG_WARN_SUSPICIOUS_MOVE = YES;
				CLANG_WARN_UNGUARDED_AVAILABILITY = YES_AGGRESSIVE;
				CLANG_WARN_UNREACHABLE_CODE = YES;
				CLANG_WARN__DUPLICATE_METHOD_MATCH = YES;
				CODE_SIGN_IDENTITY = "iPhone Developer";
				COPY_PHASE_STRIP = NO;
				DEBUG_INFORMATION_FORMAT = dwarf;
				ENABLE_STRICT_OBJC_MSGSEND = YES;
				ENABLE_TESTABILITY = YES;
				GCC_C_LANGUAGE_STANDARD = gnu11;
				GCC_DYNAMIC_NO_PIC = NO;
				GCC_NO_COMMON_BLOCKS = YES;
				GCC_OPTIMIZATION_LEVEL = 0;
				GCC_PREPROCESSOR_DEFINITIONS = (
					"DEBUG=1",
					"$(inherited)",
				);
				GCC_WARN_64_TO_32_BIT_CONVERSION = YES;
				GCC_WARN_ABOUT_RETURN_TYPE = YES_ERROR;
				GCC_WARN_UNDECLARED_SELECTOR = YES;
				GCC_WARN_UNINITIALIZED_AUTOS = YES_AGGRESSIVE;
				GCC_WARN_UNUSED_FUNCTION = YES;
				GCC_WARN_UNUSED_VARIABLE = YES;
				IPHONEOS_DEPLOYMENT_TARGET = 11.0;
				MTL_ENABLE_DEBUG_INFO = YES;
				ONLY_ACTIVE_ARCH = YES;
				SDKROOT = iphoneos;
			};
			name = Debug;
		};
		93B4128F1F974CE2003664BE /* Release */ = {
			isa = XCBuildConfiguration;
			buildSettings = {
				ALWAYS_SEARCH_USER_PATHS = NO;
				CLANG_ANALYZER_NONNULL = YES;
				CLANG_ANALYZER_NUMBER_OBJECT_CONVERSION = YES_AGGRESSIVE;
				CLANG_CXX_LANGUAGE_STANDARD = "gnu++14";
				CLANG_CXX_LIBRARY = "libc++";
				CLANG_ENABLE_MODULES = YES;
				CLANG_ENABLE_OBJC_ARC = YES;
				CLANG_WARN_BLOCK_CAPTURE_AUTORELEASING = YES;
				CLANG_WARN_BOOL_CONVERSION = YES;
				CLANG_WARN_COMMA = YES;
				CLANG_WARN_CONSTANT_CONVERSION = YES;
				CLANG_WARN_DIRECT_OBJC_ISA_USAGE = YES_ERROR;
				CLANG_WARN_DOCUMENTATION_COMMENTS = YES;
				CLANG_WARN_EMPTY_BODY = YES;
				CLANG_WARN_ENUM_CONVERSION = YES;
				CLANG_WARN_INFINITE_RECURSION = YES;
				CLANG_WARN_INT_CONVERSION = YES;
				CLANG_WARN_NON_LITERAL_NULL_CONVERSION = YES;
				CLANG_WARN_OBJC_LITERAL_CONVERSION = YES;
				CLANG_WARN_OBJC_ROOT_CLASS = YES_ERROR;
				CLANG_WARN_RANGE_LOOP_ANALYSIS = YES;
				CLANG_WARN_STRICT_PROTOTYPES = YES;
				CLANG_WARN_SUSPICIOUS_MOVE = YES;
				CLANG_WARN_UNGUARDED_AVAILABILITY = YES_AGGRESSIVE;
				CLANG_WARN_UNREACHABLE_CODE = YES;
				CLANG_WARN__DUPLICATE_METHOD_MATCH = YES;
				CODE_SIGN_IDENTITY = "iPhone Developer";
				COPY_PHASE_STRIP = NO;
				DEBUG_INFORMATION_FORMAT = "dwarf-with-dsym";
				ENABLE_NS_ASSERTIONS = NO;
				ENABLE_STRICT_OBJC_MSGSEND = YES;
				GCC_C_LANGUAGE_STANDARD = gnu11;
				GCC_NO_COMMON_BLOCKS = YES;
				GCC_WARN_64_TO_32_BIT_CONVERSION = YES;
				GCC_WARN_ABOUT_RETURN_TYPE = YES_ERROR;
				GCC_WARN_UNDECLARED_SELECTOR = YES;
				GCC_WARN_UNINITIALIZED_AUTOS = YES_AGGRESSIVE;
				GCC_WARN_UNUSED_FUNCTION = YES;
				GCC_WARN_UNUSED_VARIABLE = YES;
				IPHONEOS_DEPLOYMENT_TARGET = 11.0;
				MTL_ENABLE_DEBUG_INFO = NO;
				SDKROOT = iphoneos;
				VALIDATE_PRODUCT = YES;
			};
			name = Release;
		};
		93B412911F974CE2003664BE /* Debug */ = {
			isa = XCBuildConfiguration;
			buildSettings = {
				ASSETCATALOG_COMPILER_APPICON_NAME = AppIcon;
				"CODE_SIGN_IDENTITY[sdk=iphoneos*]" = "iPhone Developer";
				CODE_SIGN_STYLE = Automatic;
				DEVELOPMENT_TEAM = "";
				FRAMEWORK_SEARCH_PATHS = (
					"$(inherited)",
					"$(PROJECT_DIR)$(LOCAL_LIBRARY_DIR)/ZCCategory",
					"$(PROJECT_DIR)$(LOCAL_LIBRARY_DIR)",
				);
				INFOPLIST_FILE = "CocoapodsLibrary/Supporting Files/Info.plist";
				IPHONEOS_DEPLOYMENT_TARGET = 8.0;
				LD_RUNPATH_SEARCH_PATHS = "$(inherited) @executable_path/Frameworks";
				PRODUCT_BUNDLE_IDENTIFIER = com.workai.CocoapodsLibrary;
				PRODUCT_NAME = "$(TARGET_NAME)";
				PROVISIONING_PROFILE_SPECIFIER = "";
				TARGETED_DEVICE_FAMILY = "1,2";
			};
			name = Debug;
		};
		93B412921F974CE2003664BE /* Release */ = {
			isa = XCBuildConfiguration;
			buildSettings = {
				ASSETCATALOG_COMPILER_APPICON_NAME = AppIcon;
				"CODE_SIGN_IDENTITY[sdk=iphoneos*]" = "iPhone Developer";
				CODE_SIGN_STYLE = Automatic;
				DEVELOPMENT_TEAM = "";
				FRAMEWORK_SEARCH_PATHS = (
					"$(inherited)",
					"$(PROJECT_DIR)$(LOCAL_LIBRARY_DIR)/ZCCategory",
					"$(PROJECT_DIR)$(LOCAL_LIBRARY_DIR)",
				);
				INFOPLIST_FILE = "CocoapodsLibrary/Supporting Files/Info.plist";
				IPHONEOS_DEPLOYMENT_TARGET = 8.0;
				LD_RUNPATH_SEARCH_PATHS = "$(inherited) @executable_path/Frameworks";
				PRODUCT_BUNDLE_IDENTIFIER = com.workai.CocoapodsLibrary;
				PRODUCT_NAME = "$(TARGET_NAME)";
				PROVISIONING_PROFILE_SPECIFIER = "";
				TARGETED_DEVICE_FAMILY = "1,2";
			};
			name = Release;
		};
/* End XCBuildConfiguration section */

/* Begin XCConfigurationList section */
		93B412751F974CE2003664BE /* Build configuration list for PBXProject "CocoapodsLibrary" */ = {
			isa = XCConfigurationList;
			buildConfigurations = (
				93B4128E1F974CE2003664BE /* Debug */,
				93B4128F1F974CE2003664BE /* Release */,
			);
			defaultConfigurationIsVisible = 0;
			defaultConfigurationName = Release;
		};
		93B412901F974CE2003664BE /* Build configuration list for PBXNativeTarget "CocoapodsLibrary" */ = {
			isa = XCConfigurationList;
			buildConfigurations = (
				93B412911F974CE2003664BE /* Debug */,
				93B412921F974CE2003664BE /* Release */,
			);
			defaultConfigurationIsVisible = 0;
			defaultConfigurationName = Release;
		};
/* End XCConfigurationList section */
	};
	rootObject = 93B412721F974CE2003664BE /* Project object */;
}
